<?xml version="1.0" encoding="utf-8"?>
<Project ToolsVersion="4.0" xmlns="http://schemas.microsoft.com/developer/msbuild/2003">
  <ItemGroup>
    <Filter Include="Instances">
      <UniqueIdentifier>{75be45fa-c099-4cd3-8753-7c1592b96cb5}</UniqueIdentifier>
    </Filter>
    <Filter Include="Game">
      <UniqueIdentifier>{ce331834-7ab2-4fc4-b78a-81e5f9e23da6}</UniqueIdentifier>
    </Filter>
    <Filter Include="Instances\Modifiers">
      <UniqueIdentifier>{d03a2cec-ffb6-4664-bb06-b05d46752cbb}</UniqueIdentifier>
    </Filter>
    <Filter Include="Classes">
      <UniqueIdentifier>{6ec3063f-f56a-46e6-bbfd-112d63dbbcad}</UniqueIdentifier>
    </Filter>
  </ItemGroup>
  <ItemGroup>
    <ClCompile Include="desdun\src\instance\actor\actor.cpp">
      <Filter>Instances</Filter>
    </ClCompile>
    <ClCompile Include="desdun\src\app\desdun_app.cpp">
      <Filter>Game</Filter>
    </ClCompile>
    <ClCompile Include="desdun\src\app\layer\game.cpp">
      <Filter>Game</Filter>
    </ClCompile>
    <ClCompile Include="desdun\src\main.cpp">
      <Filter>Game</Filter>
    </ClCompile>
    <ClCompile Include="desdun\src\instance\body\humanoid_body.cpp">
      <Filter>Instances\Modifiers</Filter>
    </ClCompile>
    <ClCompile Include="desdun\src\instance\physics\move_phys.cpp">
      <Filter>Instances\Modifiers</Filter>
    </ClCompile>
    <ClCompile Include="desdun\src\instance\game_camera.cpp">
      <Filter>Instances</Filter>
    </ClCompile>
    <ClCompile Include="desdun\src\instance\actor\player\player.cpp">
      <Filter>Instances</Filter>
    </ClCompile>
    <ClCompile Include="desdun\src\game\item\container.cpp">
      <Filter>Classes</Filter>
    </ClCompile>
  </ItemGroup>
  <ItemGroup>
    <ClInclude Include="desdun\src\instance\actor\actor.hpp">
      <Filter>Instances</Filter>
    </ClInclude>
    <ClInclude Include="desdun\src\app\desdun_app.hpp">
      <Filter>Game</Filter>
    </ClInclude>
    <ClInclude Include="desdun\src\app\layer\game.hpp">
      <Filter>Game</Filter>
    </ClInclude>
    <ClInclude Include="desdun\src\instance\actor\player\player.hpp">
      <Filter>Instances</Filter>
    </ClInclude>
    <ClInclude Include="desdun\src\instance\physics\move_phys.hpp">
      <Filter>Instances\Modifiers</Filter>
    </ClInclude>
    <ClInclude Include="desdun\src\instance\game_camera.hpp">
      <Filter>Instances</Filter>
    </ClInclude>
    <ClInclude Include="desdun\src\game\item\container.hpp">
      <Filter>Classes</Filter>
    </ClInclude>
    <ClInclude Include="desdun\src\instance\index.hpp">
      <Filter>Instances</Filter>
    </ClInclude>
    <ClInclude Include="desdun\src\game\item\item.hpp">
      <Filter>Classes</Filter>
    </ClInclude>
    <ClInclude Include="desdun\src\game\item\item_slot.hpp">
      <Filter>Classes</Filter>
    </ClInclude>
    <ClInclude Include="desdun\src\instance\body\humanoid_body.hpp">
      <Filter>Instances\Modifiers</Filter>
    </ClInclude>
  </ItemGroup>
  <ItemGroup>
    <None Include="cpp.hint" />
    <None Include="assets\shaders\line.shader" />
  </ItemGroup>
</Project>