<?xml version="1.0" encoding="utf-8"?>
<Project ToolsVersion="4.0" xmlns="http://schemas.microsoft.com/developer/msbuild/2003">
  <ItemGroup>
    <None Include="cpp.hint" />
  </ItemGroup>
  <ItemGroup>
    <ClCompile Include="desdun_engine\src\app\app.cpp">
      <Filter>App</Filter>
    </ClCompile>
    <ClCompile Include="desdun_engine\src\app\resource\descendants\animation_table.cpp">
      <Filter>App\Resources</Filter>
    </ClCompile>
    <ClCompile Include="desdun_engine\src\instance\descendants\animated_sprite.cpp">
      <Filter>Instances\Sprites</Filter>
    </ClCompile>
    <ClCompile Include="desdun_engine\src\app\resource\descendants\image.cpp">
      <Filter>App\Resources</Filter>
    </ClCompile>
    <ClCompile Include="desdun_engine\src\app\layer\layer.cpp">
      <Filter>App\Layers</Filter>
    </ClCompile>
    <ClCompile Include="desdun_engine\src\app\layer\layer_collection.cpp">
      <Filter>App\Layers</Filter>
    </ClCompile>
    <ClCompile Include="desdun_engine\src\instance\descendants\sprite.cpp">
      <Filter>Instances\Sprites</Filter>
    </ClCompile>
    <ClCompile Include="desdun_engine\src\instance\descendants\tile_map.cpp">
      <Filter>Instances\Sprites</Filter>
    </ClCompile>
    <ClCompile Include="desdun_engine\src\instance\descendants\kinetic_body.cpp">
      <Filter>Instances\Physics</Filter>
    </ClCompile>
    <ClCompile Include="desdun_engine\src\app\resource\descendants\audio.cpp">
      <Filter>Instances\Sound</Filter>
    </ClCompile>
    <ClCompile Include="desdun_engine\src\instance\descendants\camera.cpp">
      <Filter>Instances\World</Filter>
    </ClCompile>
    <ClCompile Include="desdun_engine\src\app\debug\debug.cpp">
      <Filter>App\Debug</Filter>
    </ClCompile>
    <ClCompile Include="desdun_engine\src\app\resource\serial\json_object.cpp">
      <Filter>App\Serialisation</Filter>
    </ClCompile>
    <ClCompile Include="desdun_engine\src\app\resource\serial\json_stream.cpp">
      <Filter>App\Serialisation</Filter>
    </ClCompile>
    <ClCompile Include="desdun_engine\src\app\window\input.cpp">
      <Filter>App\Window</Filter>
    </ClCompile>
    <ClCompile Include="desdun_engine\src\graphics\buffers\frame.cpp">
      <Filter>Renderer\Buffers</Filter>
    </ClCompile>
    <ClCompile Include="desdun_engine\src\graphics\buffers\index.cpp">
      <Filter>Renderer\Buffers</Filter>
    </ClCompile>
    <ClCompile Include="desdun_engine\src\instance\instance.cpp">
      <Filter>Instances\Basic</Filter>
    </ClCompile>
    <ClCompile Include="desdun_engine\src\instance\descendants\object.cpp">
      <Filter>Instances\Basic</Filter>
    </ClCompile>
    <ClCompile Include="desdun_engine\src\app\resource\resource.cpp">
      <Filter>App\Resources</Filter>
    </ClCompile>
    <ClCompile Include="desdun_engine\src\app\resource\descendants\model.cpp">
      <Filter>App\Resources</Filter>
    </ClCompile>
    <ClCompile Include="desdun_engine\src\app\runtime\runtime.cpp">
      <Filter>App\Runtime</Filter>
    </ClCompile>
    <ClCompile Include="desdun_engine\src\app\runtime\base\runtime_obj.cpp">
      <Filter>App\Runtime</Filter>
    </ClCompile>
    <ClCompile Include="desdun_engine\src\app\runtime\base\serial_obj.cpp">
      <Filter>App\Serialisation</Filter>
    </ClCompile>
    <ClCompile Include="desdun_engine\src\graphics\buffers\vao.cpp">
      <Filter>Renderer\Buffers</Filter>
    </ClCompile>
    <ClCompile Include="desdun_engine\src\graphics\buffers\vertex.cpp">
      <Filter>Renderer\Buffers</Filter>
    </ClCompile>
    <ClCompile Include="desdun_engine\src\app\resource\descendants\shader.cpp">
      <Filter>App\Resources</Filter>
    </ClCompile>
    <ClCompile Include="desdun_engine\src\instance\descendants\sound.cpp">
      <Filter>App\Resources</Filter>
    </ClCompile>
    <ClCompile Include="desdun_engine\src\app\window\window.cpp">
      <Filter>App\Window</Filter>
    </ClCompile>
    <ClCompile Include="desdun_engine\src\app\imgui\panel\scene_explorer.cpp">
      <Filter>ImGui</Filter>
    </ClCompile>
    <ClCompile Include="desdun_engine\src\app\imgui\imgui_layer.cpp">
      <Filter>ImGui</Filter>
    </ClCompile>
    <ClCompile Include="desdun_engine\src\graphics\primitives\primitive.cpp">
      <Filter>Renderer\Core</Filter>
    </ClCompile>
    <ClCompile Include="desdun_engine\src\graphics\render\renderer.cpp">
      <Filter>Renderer\Core</Filter>
    </ClCompile>
    <ClCompile Include="desdun_engine\src\graphics\texture\texture.cpp">
      <Filter>Renderer\Textures</Filter>
    </ClCompile>
    <ClCompile Include="desdun_engine\src\graphics\texture\texture_array.cpp">
      <Filter>Renderer\Textures</Filter>
    </ClCompile>
    <ClCompile Include="desdun_engine\src\app\scene\scene.cpp">
      <Filter>App\Runtime</Filter>
    </ClCompile>
  </ItemGroup>
  <ItemGroup>
    <ClInclude Include="desdun_engine\src\app\app.h">
      <Filter>App</Filter>
    </ClInclude>
    <ClInclude Include="desdun_engine\src\app\resource\descendants\animation_table.hpp">
      <Filter>App\Resources</Filter>
    </ClInclude>
    <ClInclude Include="desdun_engine\src\instance\descendants\animated_sprite.hpp">
      <Filter>Instances\Sprites</Filter>
    </ClInclude>
    <ClInclude Include="desdun_engine\src\app\resource\descendants\image.h">
      <Filter>App\Resources</Filter>
    </ClInclude>
    <ClInclude Include="desdun_engine\src\app\layer\layer.h">
      <Filter>App\Layers</Filter>
    </ClInclude>
    <ClInclude Include="desdun_engine\src\app\layer\layer_collection.h">
      <Filter>App\Layers</Filter>
    </ClInclude>
    <ClInclude Include="desdun_engine\src\instance\descendants\sprite.hpp">
      <Filter>Instances\Sprites</Filter>
    </ClInclude>
    <ClInclude Include="desdun_engine\src\instance\descendants\tile_map.hpp">
      <Filter>Instances\Sprites</Filter>
    </ClInclude>
    <ClInclude Include="desdun_engine\src\instance\descendants\kinetic_body.hpp">
      <Filter>Instances\Physics</Filter>
    </ClInclude>
    <ClInclude Include="desdun_engine\src\instance\descendants\camera.hpp">
      <Filter>Instances\World</Filter>
    </ClInclude>
    <ClInclude Include="desdun_engine\src\app\resource\descendants\audio.h">
      <Filter>Instances\Sound</Filter>
    </ClInclude>
    <ClInclude Include="desdun_engine\src\instance\descendants\particle_emitter.hpp">
      <Filter>Instances\Effects</Filter>
    </ClInclude>
    <ClInclude Include="desdun_engine\src\instance\descendants\light.hpp">
      <Filter>Instances\Effects</Filter>
    </ClInclude>
    <ClInclude Include="desdun_engine\src\app\debug\debug.h">
      <Filter>App\Debug</Filter>
    </ClInclude>
    <ClInclude Include="desdun_engine\src\app\resource\serial\json_stream.h">
      <Filter>App\Serialisation</Filter>
    </ClInclude>
    <ClInclude Include="desdun_engine\src\app\resource\serial\json_object.h">
      <Filter>App\Serialisation</Filter>
    </ClInclude>
    <ClInclude Include="desdun_engine\src\app\window\input.h">
      <Filter>App\Window</Filter>
    </ClInclude>
    <ClInclude Include="desdun_engine\src\graphics\buffers\index.h">
      <Filter>Renderer\Buffers</Filter>
    </ClInclude>
    <ClInclude Include="desdun_engine\src\graphics\buffers\frame.h">
      <Filter>Renderer\Buffers</Filter>
    </ClInclude>
    <ClInclude Include="desdun_engine\src\instance\index.hpp">
      <Filter>Instances</Filter>
    </ClInclude>
    <ClInclude Include="desdun_engine\src\instance\descendants\object.hpp">
      <Filter>Instances\Basic</Filter>
    </ClInclude>
    <ClInclude Include="desdun_engine\src\instance\instance.hpp">
      <Filter>Instances\Basic</Filter>
    </ClInclude>
    <ClInclude Include="desdun_engine\src\app\resource\resource.hpp">
      <Filter>App\Resources</Filter>
    </ClInclude>
    <ClInclude Include="desdun_engine\src\app\resource\descendants\model.h">
      <Filter>App\Resources</Filter>
    </ClInclude>
    <ClInclude Include="desdun_engine\src\app\runtime\runtime.h">
      <Filter>App\Runtime</Filter>
    </ClInclude>
    <ClInclude Include="desdun_engine\src\app\runtime\base\runtime_obj.h">
      <Filter>App\Runtime</Filter>
    </ClInclude>
    <ClInclude Include="desdun_engine\src\app\runtime\base\serial_obj.h">
      <Filter>App\Serialisation</Filter>
    </ClInclude>
    <ClInclude Include="desdun_engine\src\graphics\buffers\vao.h">
      <Filter>Renderer\Buffers</Filter>
    </ClInclude>
    <ClInclude Include="desdun_engine\src\graphics\buffers\vertex.h">
      <Filter>Renderer\Buffers</Filter>
    </ClInclude>
    <ClInclude Include="desdun_engine\src\app\resource\descendants\shader.h">
      <Filter>App\Resources</Filter>
    </ClInclude>
    <ClInclude Include="desdun_engine\src\instance\descendants\sound.hpp">
      <Filter>App\Resources</Filter>
    </ClInclude>
    <ClInclude Include="desdun_engine\src\app\window\window.h">
      <Filter>App\Window</Filter>
    </ClInclude>
    <ClInclude Include="desdun_engine\src\app\imgui\panel\scene_explorer.h">
      <Filter>ImGui</Filter>
    </ClInclude>
    <ClInclude Include="desdun_engine\src\app\imgui\imgui_layer.h">
      <Filter>ImGui</Filter>
    </ClInclude>
    <ClInclude Include="desdun_engine\src\graphics\primitives\primitive.h">
      <Filter>Renderer\Core</Filter>
    </ClInclude>
    <ClInclude Include="desdun_engine\src\graphics\render\render_camera.h">
      <Filter>Renderer\Core</Filter>
    </ClInclude>
    <ClInclude Include="desdun_engine\src\graphics\render\renderer.h">
      <Filter>Renderer\Core</Filter>
    </ClInclude>
    <ClInclude Include="desdun_engine\src\graphics\texture\texture.h">
      <Filter>Renderer\Textures</Filter>
    </ClInclude>
    <ClInclude Include="desdun_engine\src\graphics\texture\texture_array.h">
      <Filter>Renderer\Textures</Filter>
    </ClInclude>
    <ClInclude Include="desdun_engine\src\app\scene\scene.h">
      <Filter>App\Runtime</Filter>
    </ClInclude>
  </ItemGroup>
  <ItemGroup>
    <Filter Include="Instances">
      <UniqueIdentifier>{548c6c26-59eb-4bb5-8f08-4accb1333a95}</UniqueIdentifier>
    </Filter>
    <Filter Include="App">
      <UniqueIdentifier>{0dbfe2c9-3629-4033-8047-6d5076c848e5}</UniqueIdentifier>
    </Filter>
    <Filter Include="App\Resources">
      <UniqueIdentifier>{d7508b49-91ed-41cd-95d1-177042b6e2ea}</UniqueIdentifier>
    </Filter>
    <Filter Include="Renderer">
      <UniqueIdentifier>{485cf66f-6b09-4741-8ddf-155e1c061963}</UniqueIdentifier>
    </Filter>
    <Filter Include="Renderer\Buffers">
      <UniqueIdentifier>{1a7cd19f-d78d-4108-9aa0-f8fae3fda26f}</UniqueIdentifier>
    </Filter>
    <Filter Include="App\Layers">
      <UniqueIdentifier>{47738672-feeb-4f8f-838c-64a9641297a4}</UniqueIdentifier>
    </Filter>
    <Filter Include="Instances\Physics">
      <UniqueIdentifier>{ebfdf2e2-c230-442a-ad93-71c6b41e4054}</UniqueIdentifier>
    </Filter>
    <Filter Include="Instances\Sound">
      <UniqueIdentifier>{2f72cbb5-3ffd-40de-b3ec-b4f003356e5c}</UniqueIdentifier>
    </Filter>
    <Filter Include="Instances\Effects">
      <UniqueIdentifier>{a9c1642a-b0bf-401f-8e0b-af97a2fe357f}</UniqueIdentifier>
    </Filter>
    <Filter Include="Instances\Sprites">
      <UniqueIdentifier>{b5067e38-6d8b-46dc-924d-2ee7c60fe2ed}</UniqueIdentifier>
    </Filter>
    <Filter Include="Instances\World">
      <UniqueIdentifier>{2dc18ba4-cc4e-4313-a980-16599cda36b4}</UniqueIdentifier>
    </Filter>
    <Filter Include="App\Debug">
      <UniqueIdentifier>{c0a31924-1e3a-494e-a526-2db2f19c41f2}</UniqueIdentifier>
    </Filter>
    <Filter Include="App\Window">
      <UniqueIdentifier>{7d3754ae-c021-48a1-a4fa-62571b098c2f}</UniqueIdentifier>
    </Filter>
    <Filter Include="App\Serialisation">
      <UniqueIdentifier>{bb179704-6ef2-4ce5-bede-37e8b53b6f9c}</UniqueIdentifier>
    </Filter>
    <Filter Include="Instances\Basic">
      <UniqueIdentifier>{35c7ac8e-37e6-42b1-9b1a-d5d8fbded457}</UniqueIdentifier>
    </Filter>
    <Filter Include="ImGui">
      <UniqueIdentifier>{033b2ac7-b665-4907-86bc-fabae93189be}</UniqueIdentifier>
    </Filter>
    <Filter Include="App\Runtime">
      <UniqueIdentifier>{f857936e-12f4-4017-8e34-12215205d0f3}</UniqueIdentifier>
    </Filter>
    <Filter Include="Renderer\Core">
      <UniqueIdentifier>{2d06ffbd-84ea-43bc-98e7-5bb812921b35}</UniqueIdentifier>
    </Filter>
    <Filter Include="Renderer\Textures">
      <UniqueIdentifier>{b5fc538f-b879-4568-a4a6-67ca76933531}</UniqueIdentifier>
    </Filter>
  </ItemGroup>
</Project>