<?xml version="1.0" encoding="utf-8"?>
<Project ToolsVersion="4.0" xmlns="http://schemas.microsoft.com/developer/msbuild/2003">
  <ItemGroup>
    <None Include="desdun_engine\include\glm\gtx\associated_min_max.inl">
      <Filter>Dependencies</Filter>
    </None>
    <None Include="desdun_engine\include\glm\gtx\bit.inl">
      <Filter>Dependencies</Filter>
    </None>
    <None Include="desdun_engine\include\glm\gtc\bitfield.inl">
      <Filter>Dependencies</Filter>
    </None>
    <None Include="desdun_engine\include\glm\gtx\closest_point.inl">
      <Filter>Dependencies</Filter>
    </None>
    <None Include="desdun_engine\include\glm\gtx\color_encoding.inl">
      <Filter>Dependencies</Filter>
    </None>
    <None Include="desdun_engine\include\glm\gtx\color_space.inl">
      <Filter>Dependencies</Filter>
    </None>
    <None Include="desdun_engine\include\glm\gtc\color_space.inl">
      <Filter>Dependencies</Filter>
    </None>
    <None Include="desdun_engine\include\glm\gtx\color_space_YCoCg.inl">
      <Filter>Dependencies</Filter>
    </None>
    <None Include="desdun_engine\include\glm\gtx\common.inl">
      <Filter>Dependencies</Filter>
    </None>
    <None Include="desdun_engine\include\glm\gtx\compatibility.inl">
      <Filter>Dependencies</Filter>
    </None>
    <None Include="desdun_engine\include\glm\gtx\component_wise.inl">
      <Filter>Dependencies</Filter>
    </None>
    <None Include="desdun_engine\include\glm\gtc\constants.inl">
      <Filter>Dependencies</Filter>
    </None>
    <None Include="cpp.hint">
      <Filter>Dependencies</Filter>
    </None>
    <None Include="desdun_engine\include\glm\gtx\dual_quaternion.inl">
      <Filter>Dependencies</Filter>
    </None>
    <None Include="desdun_engine\include\glm\gtx\easing.inl">
      <Filter>Dependencies</Filter>
    </None>
    <None Include="desdun_engine\include\glm\gtc\epsilon.inl">
      <Filter>Dependencies</Filter>
    </None>
    <None Include="desdun_engine\include\glm\gtx\euler_angles.inl">
      <Filter>Dependencies</Filter>
    </None>
    <None Include="desdun_engine\include\glm\gtx\extend.inl">
      <Filter>Dependencies</Filter>
    </None>
    <None Include="desdun_engine\include\glm\gtx\extended_min_max.inl">
      <Filter>Dependencies</Filter>
    </None>
    <None Include="desdun_engine\include\glm\gtx\exterior_product.inl">
      <Filter>Dependencies</Filter>
    </None>
    <None Include="desdun_engine\include\glm\gtx\fast_exponential.inl">
      <Filter>Dependencies</Filter>
    </None>
    <None Include="desdun_engine\include\glm\gtx\fast_square_root.inl">
      <Filter>Dependencies</Filter>
    </None>
    <None Include="desdun_engine\include\glm\gtx\fast_trigonometry.inl">
      <Filter>Dependencies</Filter>
    </None>
    <None Include="desdun_engine\include\glm\gtx\float_notmalize.inl">
      <Filter>Dependencies</Filter>
    </None>
    <None Include="desdun_engine\include\glm\detail\func_common.inl">
      <Filter>Dependencies</Filter>
    </None>
    <None Include="desdun_engine\include\glm\detail\func_common_simd.inl">
      <Filter>Dependencies</Filter>
    </None>
    <None Include="desdun_engine\include\glm\detail\func_exponential.inl">
      <Filter>Dependencies</Filter>
    </None>
    <None Include="desdun_engine\include\glm\detail\func_exponential_simd.inl">
      <Filter>Dependencies</Filter>
    </None>
    <None Include="desdun_engine\include\glm\detail\func_geometric.inl">
      <Filter>Dependencies</Filter>
    </None>
    <None Include="desdun_engine\include\glm\detail\func_geometric_simd.inl">
      <Filter>Dependencies</Filter>
    </None>
    <None Include="desdun_engine\include\glm\detail\func_integer.inl">
      <Filter>Dependencies</Filter>
    </None>
    <None Include="desdun_engine\include\glm\detail\func_integer_simd.inl">
      <Filter>Dependencies</Filter>
    </None>
    <None Include="desdun_engine\include\glm\detail\func_matrix.inl">
      <Filter>Dependencies</Filter>
    </None>
    <None Include="desdun_engine\include\glm\detail\func_matrix_simd.inl">
      <Filter>Dependencies</Filter>
    </None>
    <None Include="desdun_engine\include\glm\detail\func_packing.inl">
      <Filter>Dependencies</Filter>
    </None>
    <None Include="desdun_engine\include\glm\detail\func_packing_simd.inl">
      <Filter>Dependencies</Filter>
    </None>
    <None Include="desdun_engine\include\glm\detail\func_trigonometric.inl">
      <Filter>Dependencies</Filter>
    </None>
    <None Include="desdun_engine\include\glm\detail\func_trigonometric_simd.inl">
      <Filter>Dependencies</Filter>
    </None>
    <None Include="desdun_engine\include\glm\detail\func_vector_relational.inl">
      <Filter>Dependencies</Filter>
    </None>
    <None Include="desdun_engine\include\glm\detail\func_vector_relational_simd.inl">
      <Filter>Dependencies</Filter>
    </None>
    <None Include="desdun_engine\include\glm\gtx\functions.inl">
      <Filter>Dependencies</Filter>
    </None>
    <None Include="desdun_engine\include\glm\gtx\gradient_paint.inl">
      <Filter>Dependencies</Filter>
    </None>
    <None Include="desdun_engine\include\glm\gtx\handed_coordinate_space.inl">
      <Filter>Dependencies</Filter>
    </None>
    <None Include="desdun_engine\include\glm\gtx\hash.inl">
      <Filter>Dependencies</Filter>
    </None>
    <None Include="desdun_engine\include\glm\gtc\integer.inl">
      <Filter>Dependencies</Filter>
    </None>
    <None Include="desdun_engine\include\glm\gtx\integer.inl">
      <Filter>Dependencies</Filter>
    </None>
    <None Include="desdun_engine\include\glm\gtx\intersect.inl">
      <Filter>Dependencies</Filter>
    </None>
    <None Include="desdun_engine\include\glm\gtx\io.inl">
      <Filter>Dependencies</Filter>
    </None>
    <None Include="desdun_engine\include\glm\gtx\log_base.inl">
      <Filter>Dependencies</Filter>
    </None>
    <None Include="desdun_engine\include\glm\gtc\matrix_access.inl">
      <Filter>Dependencies</Filter>
    </None>
    <None Include="desdun_engine\include\glm\ext\matrix_clip_space.inl">
      <Filter>Dependencies</Filter>
    </None>
    <None Include="desdun_engine\include\glm\ext\matrix_common.inl">
      <Filter>Dependencies</Filter>
    </None>
    <None Include="desdun_engine\include\glm\gtx\matrix_cross_product.inl">
      <Filter>Dependencies</Filter>
    </None>
    <None Include="desdun_engine\include\glm\gtx\matrix_decompose.inl">
      <Filter>Dependencies</Filter>
    </None>
    <None Include="desdun_engine\include\glm\gtx\matrix_factorisation.inl">
      <Filter>Dependencies</Filter>
    </None>
    <None Include="desdun_engine\include\glm\gtx\matrix_interpolation.inl">
      <Filter>Dependencies</Filter>
    </None>
    <None Include="desdun_engine\include\glm\gtc\matrix_inverse.inl">
      <Filter>Dependencies</Filter>
    </None>
    <None Include="desdun_engine\include\glm\gtx\matrix_major_storage.inl">
      <Filter>Dependencies</Filter>
    </None>
    <None Include="desdun_engine\include\glm\gtx\matrix_operation.inl">
      <Filter>Dependencies</Filter>
    </None>
    <None Include="desdun_engine\include\glm\ext\matrix_projection.inl">
      <Filter>Dependencies</Filter>
    </None>
    <None Include="desdun_engine\include\glm\gtx\matrix_query.inl">
      <Filter>Dependencies</Filter>
    </None>
    <None Include="desdun_engine\include\glm\ext\matrix_relational.inl">
      <Filter>Dependencies</Filter>
    </None>
    <None Include="desdun_engine\include\glm\gtc\matrix_transform.inl">
      <Filter>Dependencies</Filter>
    </None>
    <None Include="desdun_engine\include\glm\ext\matrix_transform.inl">
      <Filter>Dependencies</Filter>
    </None>
    <None Include="desdun_engine\include\glm\gtx\matrix_transform_2d.inl">
      <Filter>Dependencies</Filter>
    </None>
    <None Include="desdun_engine\include\glm\gtx\mixed_product.inl">
      <Filter>Dependencies</Filter>
    </None>
    <None Include="desdun_engine\include\glm\gtc\noise.inl">
      <Filter>Dependencies</Filter>
    </None>
    <None Include="desdun_engine\include\glm\gtx\norm.inl">
      <Filter>Dependencies</Filter>
    </None>
    <None Include="desdun_engine\include\glm\gtx\normal.inl">
      <Filter>Dependencies</Filter>
    </None>
    <None Include="desdun_engine\include\glm\gtx\normalize_dot.inl">
      <Filter>Dependencies</Filter>
    </None>
    <None Include="desdun_engine\include\glm\gtx\number_precision.inl">
      <Filter>Dependencies</Filter>
    </None>
    <None Include="desdun_engine\include\glm\gtx\optimum_pow.inl">
      <Filter>Dependencies</Filter>
    </None>
    <None Include="desdun_engine\include\glm\gtx\orthonormalize.inl">
      <Filter>Dependencies</Filter>
    </None>
    <None Include="desdun_engine\include\glm\gtc\packing.inl">
      <Filter>Dependencies</Filter>
    </None>
    <None Include="desdun_engine\include\glm\gtx\perpendicular.inl">
      <Filter>Dependencies</Filter>
    </None>
    <None Include="desdun_engine\include\glm\gtx\polar_coordinates.inl">
      <Filter>Dependencies</Filter>
    </None>
    <None Include="desdun_engine\include\glm\gtx\projection.inl">
      <Filter>Dependencies</Filter>
    </None>
    <None Include="desdun_engine\include\glm\gtx\quaternion.inl">
      <Filter>Dependencies</Filter>
    </None>
    <None Include="desdun_engine\include\glm\gtc\quaternion.inl">
      <Filter>Dependencies</Filter>
    </None>
    <None Include="desdun_engine\include\glm\ext\quaternion_common.inl">
      <Filter>Dependencies</Filter>
    </None>
    <None Include="desdun_engine\include\glm\ext\quaternion_common_simd.inl">
      <Filter>Dependencies</Filter>
    </None>
    <None Include="desdun_engine\include\glm\ext\quaternion_exponential.inl">
      <Filter>Dependencies</Filter>
    </None>
    <None Include="desdun_engine\include\glm\ext\quaternion_geometric.inl">
      <Filter>Dependencies</Filter>
    </None>
    <None Include="desdun_engine\include\glm\ext\quaternion_relational.inl">
      <Filter>Dependencies</Filter>
    </None>
    <None Include="desdun_engine\include\glm\gtc\quaternion_simd.inl">
      <Filter>Dependencies</Filter>
    </None>
    <None Include="desdun_engine\include\glm\ext\quaternion_transform.inl">
      <Filter>Dependencies</Filter>
    </None>
    <None Include="desdun_engine\include\glm\ext\quaternion_trigonometric.inl">
      <Filter>Dependencies</Filter>
    </None>
    <None Include="desdun_engine\include\glm\gtc\random.inl">
      <Filter>Dependencies</Filter>
    </None>
    <None Include="desdun_engine\include\glm\gtx\raw_data.inl">
      <Filter>Dependencies</Filter>
    </None>
    <None Include="desdun_engine\include\glm\gtc\reciprocal.inl">
      <Filter>Dependencies</Filter>
    </None>
    <None Include="desdun_engine\include\glm\gtx\rotate_normalized_axis.inl">
      <Filter>Dependencies</Filter>
    </None>
    <None Include="desdun_engine\include\glm\gtx\rotate_vector.inl">
      <Filter>Dependencies</Filter>
    </None>
    <None Include="desdun_engine\include\glm\gtc\round.inl">
      <Filter>Dependencies</Filter>
    </None>
    <None Include="desdun_engine\include\glm\ext\scalar_common.inl">
      <Filter>Dependencies</Filter>
    </None>
    <None Include="desdun_engine\include\glm\ext\scalar_constants.inl">
      <Filter>Dependencies</Filter>
    </None>
    <None Include="desdun_engine\include\glm\ext\scalar_integer.inl">
      <Filter>Dependencies</Filter>
    </None>
    <None Include="desdun_engine\include\glm\ext\scalar_packing.inl">
      <Filter>Dependencies</Filter>
    </None>
    <None Include="desdun_engine\include\glm\ext\scalar_relational.inl">
      <Filter>Dependencies</Filter>
    </None>
    <None Include="desdun_engine\include\glm\gtx\scalar_relational.inl">
      <Filter>Dependencies</Filter>
    </None>
    <None Include="desdun_engine\include\glm\ext\scalar_ulp.inl">
      <Filter>Dependencies</Filter>
    </None>
    <None Include="desdun_engine\include\glm\gtx\spline.inl">
      <Filter>Dependencies</Filter>
    </None>
    <None Include="desdun_engine\include\glm\gtx\std_based_type.inl">
      <Filter>Dependencies</Filter>
    </None>
    <None Include="desdun_engine\include\glm\gtx\string_cast.inl">
      <Filter>Dependencies</Filter>
    </None>
    <None Include="desdun_engine\include\glm\gtx\texture.inl">
      <Filter>Dependencies</Filter>
    </None>
    <None Include="desdun_engine\include\glm\gtx\transform.inl">
      <Filter>Dependencies</Filter>
    </None>
    <None Include="desdun_engine\include\glm\gtx\transform2.inl">
      <Filter>Dependencies</Filter>
    </None>
    <None Include="desdun_engine\include\glm\gtx\type_aligned.inl">
      <Filter>Dependencies</Filter>
    </None>
    <None Include="desdun_engine\include\glm\detail\type_half.inl">
      <Filter>Dependencies</Filter>
    </None>
    <None Include="desdun_engine\include\glm\detail\type_mat2x2.inl">
      <Filter>Dependencies</Filter>
    </None>
    <None Include="desdun_engine\include\glm\detail\type_mat2x3.inl">
      <Filter>Dependencies</Filter>
    </None>
    <None Include="desdun_engine\include\glm\detail\type_mat2x4.inl">
      <Filter>Dependencies</Filter>
    </None>
    <None Include="desdun_engine\include\glm\detail\type_mat3x2.inl">
      <Filter>Dependencies</Filter>
    </None>
    <None Include="desdun_engine\include\glm\detail\type_mat3x3.inl">
      <Filter>Dependencies</Filter>
    </None>
    <None Include="desdun_engine\include\glm\detail\type_mat3x4.inl">
      <Filter>Dependencies</Filter>
    </None>
    <None Include="desdun_engine\include\glm\detail\type_mat4x2.inl">
      <Filter>Dependencies</Filter>
    </None>
    <None Include="desdun_engine\include\glm\detail\type_mat4x3.inl">
      <Filter>Dependencies</Filter>
    </None>
    <None Include="desdun_engine\include\glm\detail\type_mat4x4.inl">
      <Filter>Dependencies</Filter>
    </None>
    <None Include="desdun_engine\include\glm\detail\type_mat4x4_simd.inl">
      <Filter>Dependencies</Filter>
    </None>
    <None Include="desdun_engine\include\glm\gtc\type_precision.inl">
      <Filter>Dependencies</Filter>
    </None>
    <None Include="desdun_engine\include\glm\gtc\type_ptr.inl">
      <Filter>Dependencies</Filter>
    </None>
    <None Include="desdun_engine\include\glm\detail\type_quat.inl">
      <Filter>Dependencies</Filter>
    </None>
    <None Include="desdun_engine\include\glm\detail\type_quat_simd.inl">
      <Filter>Dependencies</Filter>
    </None>
    <None Include="desdun_engine\include\glm\gtx\type_trait.inl">
      <Filter>Dependencies</Filter>
    </None>
    <None Include="desdun_engine\include\glm\detail\type_vec1.inl">
      <Filter>Dependencies</Filter>
    </None>
    <None Include="desdun_engine\include\glm\detail\type_vec2.inl">
      <Filter>Dependencies</Filter>
    </None>
    <None Include="desdun_engine\include\glm\detail\type_vec3.inl">
      <Filter>Dependencies</Filter>
    </None>
    <None Include="desdun_engine\include\glm\detail\type_vec4.inl">
      <Filter>Dependencies</Filter>
    </None>
    <None Include="desdun_engine\include\glm\detail\type_vec4_simd.inl">
      <Filter>Dependencies</Filter>
    </None>
    <None Include="desdun_engine\include\glm\gtc\ulp.inl">
      <Filter>Dependencies</Filter>
    </None>
    <None Include="desdun_engine\include\glm\gtx\vector_angle.inl">
      <Filter>Dependencies</Filter>
    </None>
    <None Include="desdun_engine\include\glm\ext\vector_common.inl">
      <Filter>Dependencies</Filter>
    </None>
    <None Include="desdun_engine\include\glm\ext\vector_integer.inl">
      <Filter>Dependencies</Filter>
    </None>
    <None Include="desdun_engine\include\glm\ext\vector_packing.inl">
      <Filter>Dependencies</Filter>
    </None>
    <None Include="desdun_engine\include\glm\gtx\vector_query.inl">
      <Filter>Dependencies</Filter>
    </None>
    <None Include="desdun_engine\include\glm\ext\vector_relational.inl">
      <Filter>Dependencies</Filter>
    </None>
    <None Include="desdun_engine\include\glm\ext\vector_ulp.inl">
      <Filter>Dependencies</Filter>
    </None>
    <None Include="desdun_engine\include\glm\gtx\wrap.inl">
      <Filter>Dependencies</Filter>
    </None>
  </ItemGroup>
  <ItemGroup>
    <ClCompile Include="desdun_engine\src\app\app.cpp">
      <Filter>App</Filter>
    </ClCompile>
    <ClCompile Include="desdun_engine\src\resources\descendants\animation_table.cpp">
      <Filter>App\Resources</Filter>
    </ClCompile>
    <ClCompile Include="desdun_engine\src\instance\descendants\animated_sprite.cpp">
      <Filter>Instances\Sprites</Filter>
    </ClCompile>
    <ClCompile Include="desdun_engine\src\resources\descendants\image.cpp">
      <Filter>App\Resources</Filter>
    </ClCompile>
    <ClCompile Include="desdun_engine\src\runtime\layer\layer.cpp">
      <Filter>App\Layers</Filter>
    </ClCompile>
    <ClCompile Include="desdun_engine\src\runtime\layer\layer_collection.cpp">
      <Filter>App\Layers</Filter>
    </ClCompile>
    <ClCompile Include="desdun_engine\src\instance\descendants\sprite.cpp">
      <Filter>Instances\Sprites</Filter>
    </ClCompile>
    <ClCompile Include="desdun_engine\src\instance\descendants\tile_map.cpp">
      <Filter>Instances\Sprites</Filter>
    </ClCompile>
    <ClCompile Include="desdun_engine\src\instance\descendants\kinetic_body.cpp">
      <Filter>Instances\Physics</Filter>
    </ClCompile>
    <ClCompile Include="desdun_engine\src\resources\descendants\audio.cpp">
      <Filter>Instances\Sound</Filter>
    </ClCompile>
    <ClCompile Include="desdun_engine\src\instance\descendants\camera.cpp">
      <Filter>Instances\World</Filter>
    </ClCompile>
    <ClCompile Include="desdun_engine\src\app\debug\debug.cpp">
      <Filter>App\Debug</Filter>
    </ClCompile>
    <ClCompile Include="desdun_engine\src\resources\serial\json_object.cpp">
      <Filter>App\Serialisation</Filter>
    </ClCompile>
    <ClCompile Include="desdun_engine\src\resources\serial\json_stream.cpp">
      <Filter>App\Serialisation</Filter>
    </ClCompile>
    <ClCompile Include="desdun_engine\src\app\window\input.cpp">
      <Filter>App\Window</Filter>
    </ClCompile>
    <ClCompile Include="desdun_engine\src\graphics\buffers\frame.cpp">
      <Filter>Renderer\Buffers</Filter>
    </ClCompile>
    <ClCompile Include="desdun_engine\src\graphics\buffers\index.cpp">
      <Filter>Renderer\Buffers</Filter>
    </ClCompile>
    <ClCompile Include="desdun_engine\src\instance\instance.cpp">
      <Filter>Instances\Basic</Filter>
    </ClCompile>
    <ClCompile Include="desdun_engine\src\instance\descendants\object.cpp">
      <Filter>Instances\Basic</Filter>
    </ClCompile>
    <ClCompile Include="desdun_engine\src\resources\resource.cpp">
      <Filter>App\Resources</Filter>
    </ClCompile>
    <ClCompile Include="desdun_engine\src\resources\descendants\model.cpp">
      <Filter>App\Resources</Filter>
    </ClCompile>
    <ClCompile Include="desdun_engine\src\runtime\runtime.cpp">
      <Filter>App\Runtime</Filter>
    </ClCompile>
    <ClCompile Include="desdun_engine\src\runtime\base\runtime_obj.cpp">
      <Filter>App\Runtime</Filter>
    </ClCompile>
    <ClCompile Include="desdun_engine\src\runtime\base\serial_obj.cpp">
      <Filter>App\Serialisation</Filter>
    </ClCompile>
    <ClCompile Include="desdun_engine\src\graphics\buffers\vao.cpp">
      <Filter>Renderer\Buffers</Filter>
    </ClCompile>
    <ClCompile Include="desdun_engine\src\graphics\buffers\vertex.cpp">
      <Filter>Renderer\Buffers</Filter>
    </ClCompile>
    <ClCompile Include="desdun_engine\src\resources\descendants\shader.cpp">
      <Filter>App\Resources</Filter>
    </ClCompile>
    <ClCompile Include="desdun_engine\src\instance\descendants\sound.cpp">
      <Filter>App\Resources</Filter>
    </ClCompile>
    <ClCompile Include="desdun_engine\src\app\window\window.cpp">
      <Filter>App\Window</Filter>
    </ClCompile>
    <ClCompile Include="desdun_engine\src\runtime\imgui\panel\scene_explorer.cpp">
      <Filter>ImGui</Filter>
    </ClCompile>
    <ClCompile Include="desdun_engine\src\runtime\imgui\imgui_layer.cpp">
      <Filter>ImGui</Filter>
    </ClCompile>
    <ClCompile Include="desdun_engine\src\graphics\primitives\primitive.cpp">
      <Filter>Renderer\Core</Filter>
    </ClCompile>
    <ClCompile Include="desdun_engine\src\graphics\render\renderer.cpp">
      <Filter>Renderer\Core</Filter>
    </ClCompile>
    <ClCompile Include="desdun_engine\src\graphics\texture\texture.cpp">
      <Filter>Renderer\Textures</Filter>
    </ClCompile>
    <ClCompile Include="desdun_engine\src\graphics\texture\texture_array.cpp">
      <Filter>Renderer\Textures</Filter>
    </ClCompile>
    <ClCompile Include="desdun_engine\src\runtime\scene\scene.cpp">
      <Filter>App\Runtime</Filter>
    </ClCompile>
    <ClCompile Include="desdun_engine\include\ddlib\core.cpp">
      <Filter>Dependencies</Filter>
    </ClCompile>
    <ClCompile Include="desdun_engine\include\glm\detail\glm.cpp">
      <Filter>Dependencies</Filter>
    </ClCompile>
    <ClCompile Include="desdun_engine\include\imgui\imgui.cpp">
      <Filter>Dependencies</Filter>
    </ClCompile>
    <ClCompile Include="desdun_engine\include\imgui\imgui_demo.cpp">
      <Filter>Dependencies</Filter>
    </ClCompile>
    <ClCompile Include="desdun_engine\include\imgui\imgui_draw.cpp">
      <Filter>Dependencies</Filter>
    </ClCompile>
    <ClCompile Include="desdun_engine\include\imgui\imgui_impl_glfw.cpp">
      <Filter>Dependencies</Filter>
    </ClCompile>
    <ClCompile Include="desdun_engine\include\imgui\imgui_impl_opengl3.cpp">
      <Filter>Dependencies</Filter>
    </ClCompile>
    <ClCompile Include="desdun_engine\include\imgui\imgui_tables.cpp">
      <Filter>Dependencies</Filter>
    </ClCompile>
    <ClCompile Include="desdun_engine\include\imgui\imgui_widgets.cpp">
      <Filter>Dependencies</Filter>
    </ClCompile>
    <ClCompile Include="desdun_engine\include\ddlib\math\spatial_hash_map.cpp">
      <Filter>Dependencies</Filter>
    </ClCompile>
    <ClCompile Include="desdun_engine\include\stb\stb.cpp">
      <Filter>Dependencies</Filter>
    </ClCompile>
    <ClCompile Include="desdun_engine\include\stb\stb_vorbis_impl.c">
      <Filter>Dependencies</Filter>
    </ClCompile>
    <ClCompile Include="desdun_engine\src\graphics\render\base.cpp" />
    <ClCompile Include="desdun_engine\include\ddlib\alias\colour.cpp" />
    <ClCompile Include="desdun_engine\include\ddlib\math\math.cpp" />
    <ClCompile Include="desdun_engine\include\lua\lib_aux.c" />
    <ClCompile Include="desdun_engine\include\lua\lib_base.c" />
    <ClCompile Include="desdun_engine\include\lua\lib_bit.c" />
    <ClCompile Include="desdun_engine\include\lua\lib_debug.c" />
    <ClCompile Include="desdun_engine\include\lua\lib_ffi.c" />
    <ClCompile Include="desdun_engine\include\lua\lib_init.c" />
    <ClCompile Include="desdun_engine\include\lua\lib_io.c" />
    <ClCompile Include="desdun_engine\include\lua\lib_jit.c" />
    <ClCompile Include="desdun_engine\include\lua\lib_math.c" />
    <ClCompile Include="desdun_engine\include\lua\lib_os.c" />
    <ClCompile Include="desdun_engine\include\lua\lib_package.c" />
    <ClCompile Include="desdun_engine\include\lua\lib_string.c" />
    <ClCompile Include="desdun_engine\include\lua\lib_table.c" />
    <ClCompile Include="desdun_engine\include\lua\lj_alloc.c" />
    <ClCompile Include="desdun_engine\include\lua\lj_api.c" />
    <ClCompile Include="desdun_engine\include\lua\lj_asm.c" />
    <ClCompile Include="desdun_engine\include\lua\lj_bc.c" />
    <ClCompile Include="desdun_engine\include\lua\lj_bcread.c" />
    <ClCompile Include="desdun_engine\include\lua\lj_bcwrite.c" />
    <ClCompile Include="desdun_engine\include\lua\lj_carith.c" />
    <ClCompile Include="desdun_engine\include\lua\lj_ccall.c" />
    <ClCompile Include="desdun_engine\include\lua\lj_ccallback.c" />
    <ClCompile Include="desdun_engine\include\lua\lj_cconv.c" />
    <ClCompile Include="desdun_engine\include\lua\lj_cdata.c" />
    <ClCompile Include="desdun_engine\include\lua\lj_char.c" />
    <ClCompile Include="desdun_engine\include\lua\lj_clib.c" />
    <ClCompile Include="desdun_engine\include\lua\lj_cparse.c" />
    <ClCompile Include="desdun_engine\include\lua\lj_crecord.c" />
    <ClCompile Include="desdun_engine\include\lua\lj_ctype.c" />
    <ClCompile Include="desdun_engine\include\lua\lj_debug.c" />
    <ClCompile Include="desdun_engine\include\lua\lj_dispatch.c" />
    <ClCompile Include="desdun_engine\include\lua\lj_err.c" />
    <ClCompile Include="desdun_engine\include\lua\lj_ffrecord.c" />
    <ClCompile Include="desdun_engine\include\lua\lj_func.c" />
    <ClCompile Include="desdun_engine\include\lua\lj_gc.c" />
    <ClCompile Include="desdun_engine\include\lua\lj_gdbjit.c" />
    <ClCompile Include="desdun_engine\include\lua\lj_ir.c" />
    <ClCompile Include="desdun_engine\include\lua\lj_lex.c" />
    <ClCompile Include="desdun_engine\include\lua\lj_lib.c" />
    <ClCompile Include="desdun_engine\include\lua\lj_load.c" />
    <ClCompile Include="desdun_engine\include\lua\lj_mcode.c" />
    <ClCompile Include="desdun_engine\include\lua\lj_meta.c" />
    <ClCompile Include="desdun_engine\include\lua\lj_obj.c" />
    <ClCompile Include="desdun_engine\include\lua\lj_opt_dce.c" />
    <ClCompile Include="desdun_engine\include\lua\lj_opt_fold.c" />
    <ClCompile Include="desdun_engine\include\lua\lj_opt_loop.c" />
    <ClCompile Include="desdun_engine\include\lua\lj_opt_mem.c" />
    <ClCompile Include="desdun_engine\include\lua\lj_opt_narrow.c" />
    <ClCompile Include="desdun_engine\include\lua\lj_opt_sink.c" />
    <ClCompile Include="desdun_engine\include\lua\lj_opt_split.c" />
    <ClCompile Include="desdun_engine\include\lua\lj_parse.c" />
    <ClCompile Include="desdun_engine\include\lua\lj_record.c" />
    <ClCompile Include="desdun_engine\include\lua\lj_snap.c" />
    <ClCompile Include="desdun_engine\include\lua\lj_state.c" />
    <ClCompile Include="desdun_engine\include\lua\lj_str.c" />
    <ClCompile Include="desdun_engine\include\lua\lj_strscan.c" />
    <ClCompile Include="desdun_engine\include\lua\lj_tab.c" />
    <ClCompile Include="desdun_engine\include\lua\lj_trace.c" />
    <ClCompile Include="desdun_engine\include\lua\lj_udata.c" />
    <ClCompile Include="desdun_engine\include\lua\lj_vmevent.c" />
    <ClCompile Include="desdun_engine\include\lua\lj_vmmath.c" />
    <ClCompile Include="desdun_engine\include\lua\ljamalg.c" />
    <ClCompile Include="desdun_engine\include\lua\luajit.c" />
  </ItemGroup>
  <ItemGroup>
    <ClInclude Include="desdun_engine\src\app\app.h">
      <Filter>App</Filter>
    </ClInclude>
    <ClInclude Include="desdun_engine\src\resources\descendants\animation_table.hpp">
      <Filter>App\Resources</Filter>
    </ClInclude>
    <ClInclude Include="desdun_engine\src\instance\descendants\animated_sprite.hpp">
      <Filter>Instances\Sprites</Filter>
    </ClInclude>
    <ClInclude Include="desdun_engine\src\resources\descendants\image.h">
      <Filter>App\Resources</Filter>
    </ClInclude>
    <ClInclude Include="desdun_engine\src\runtime\layer\layer.h">
      <Filter>App\Layers</Filter>
    </ClInclude>
    <ClInclude Include="desdun_engine\src\runtime\layer\layer_collection.h">
      <Filter>App\Layers</Filter>
    </ClInclude>
    <ClInclude Include="desdun_engine\src\instance\descendants\sprite.hpp">
      <Filter>Instances\Sprites</Filter>
    </ClInclude>
    <ClInclude Include="desdun_engine\src\instance\descendants\tile_map.hpp">
      <Filter>Instances\Sprites</Filter>
    </ClInclude>
    <ClInclude Include="desdun_engine\src\instance\descendants\kinetic_body.hpp">
      <Filter>Instances\Physics</Filter>
    </ClInclude>
    <ClInclude Include="desdun_engine\src\instance\descendants\camera.hpp">
      <Filter>Instances\World</Filter>
    </ClInclude>
    <ClInclude Include="desdun_engine\src\resources\descendants\audio.h">
      <Filter>Instances\Sound</Filter>
    </ClInclude>
    <ClInclude Include="desdun_engine\src\instance\descendants\particle_emitter.hpp">
      <Filter>Instances\Effects</Filter>
    </ClInclude>
    <ClInclude Include="desdun_engine\src\instance\descendants\light.hpp">
      <Filter>Instances\Effects</Filter>
    </ClInclude>
    <ClInclude Include="desdun_engine\src\app\debug\debug.h">
      <Filter>App\Debug</Filter>
    </ClInclude>
    <ClInclude Include="desdun_engine\src\resources\serial\json_stream.h">
      <Filter>App\Serialisation</Filter>
    </ClInclude>
    <ClInclude Include="desdun_engine\src\resources\serial\json_object.h">
      <Filter>App\Serialisation</Filter>
    </ClInclude>
    <ClInclude Include="desdun_engine\src\app\window\input.h">
      <Filter>App\Window</Filter>
    </ClInclude>
    <ClInclude Include="desdun_engine\src\graphics\buffers\index.h">
      <Filter>Renderer\Buffers</Filter>
    </ClInclude>
    <ClInclude Include="desdun_engine\src\graphics\buffers\frame.h">
      <Filter>Renderer\Buffers</Filter>
    </ClInclude>
    <ClInclude Include="desdun_engine\src\instance\index.hpp">
      <Filter>Instances</Filter>
    </ClInclude>
    <ClInclude Include="desdun_engine\src\instance\descendants\object.hpp">
      <Filter>Instances\Basic</Filter>
    </ClInclude>
    <ClInclude Include="desdun_engine\src\instance\instance.hpp">
      <Filter>Instances\Basic</Filter>
    </ClInclude>
    <ClInclude Include="desdun_engine\src\resources\resource.hpp">
      <Filter>App\Resources</Filter>
    </ClInclude>
    <ClInclude Include="desdun_engine\src\resources\descendants\model.h">
      <Filter>App\Resources</Filter>
    </ClInclude>
    <ClInclude Include="desdun_engine\src\runtime\runtime.h">
      <Filter>App\Runtime</Filter>
    </ClInclude>
    <ClInclude Include="desdun_engine\src\runtime\base\runtime_obj.h">
      <Filter>App\Runtime</Filter>
    </ClInclude>
    <ClInclude Include="desdun_engine\src\runtime\base\serial_obj.h">
      <Filter>App\Serialisation</Filter>
    </ClInclude>
    <ClInclude Include="desdun_engine\src\graphics\buffers\vao.h">
      <Filter>Renderer\Buffers</Filter>
    </ClInclude>
    <ClInclude Include="desdun_engine\src\graphics\buffers\vertex.h">
      <Filter>Renderer\Buffers</Filter>
    </ClInclude>
    <ClInclude Include="desdun_engine\src\resources\descendants\shader.hpp">
      <Filter>App\Resources</Filter>
    </ClInclude>
    <ClInclude Include="desdun_engine\src\instance\descendants\sound.hpp">
      <Filter>App\Resources</Filter>
    </ClInclude>
    <ClInclude Include="desdun_engine\src\app\window\window.h">
      <Filter>App\Window</Filter>
    </ClInclude>
    <ClInclude Include="desdun_engine\src\runtime\imgui\panel\scene_explorer.h">
      <Filter>ImGui</Filter>
    </ClInclude>
    <ClInclude Include="desdun_engine\src\runtime\imgui\imgui_layer.h">
      <Filter>ImGui</Filter>
    </ClInclude>
    <ClInclude Include="desdun_engine\src\graphics\primitives\primitive.h">
      <Filter>Renderer\Core</Filter>
    </ClInclude>
    <ClInclude Include="desdun_engine\src\graphics\render\render_camera.h">
      <Filter>Renderer\Core</Filter>
    </ClInclude>
    <ClInclude Include="desdun_engine\src\graphics\render\renderer.h">
      <Filter>Renderer\Core</Filter>
    </ClInclude>
    <ClInclude Include="desdun_engine\src\graphics\texture\texture.h">
      <Filter>Renderer\Textures</Filter>
    </ClInclude>
    <ClInclude Include="desdun_engine\src\graphics\texture\texture_array.h">
      <Filter>Renderer\Textures</Filter>
    </ClInclude>
    <ClInclude Include="desdun_engine\src\runtime\scene\scene.h">
      <Filter>App\Runtime</Filter>
    </ClInclude>
    <ClInclude Include="desdun_engine\include\glm\detail\_features.hpp">
      <Filter>Dependencies</Filter>
    </ClInclude>
    <ClInclude Include="desdun_engine\include\glm\detail\_fixes.hpp">
      <Filter>Dependencies</Filter>
    </ClInclude>
    <ClInclude Include="desdun_engine\include\glm\detail\_noise.hpp">
      <Filter>Dependencies</Filter>
    </ClInclude>
    <ClInclude Include="desdun_engine\include\glm\detail\_swizzle.hpp">
      <Filter>Dependencies</Filter>
    </ClInclude>
    <ClInclude Include="desdun_engine\include\glm\detail\_swizzle_func.hpp">
      <Filter>Dependencies</Filter>
    </ClInclude>
    <ClInclude Include="desdun_engine\include\glm\detail\_vectorize.hpp">
      <Filter>Dependencies</Filter>
    </ClInclude>
    <ClInclude Include="desdun_engine\include\glm\gtx\associated_min_max.hpp">
      <Filter>Dependencies</Filter>
    </ClInclude>
    <ClInclude Include="desdun_engine\include\glm\gtx\bit.hpp">
      <Filter>Dependencies</Filter>
    </ClInclude>
    <ClInclude Include="desdun_engine\include\glm\gtc\bitfield.hpp">
      <Filter>Dependencies</Filter>
    </ClInclude>
    <ClInclude Include="desdun_engine\include\glm\gtx\closest_point.hpp">
      <Filter>Dependencies</Filter>
    </ClInclude>
    <ClInclude Include="desdun_engine\include\glm\gtx\color_encoding.hpp">
      <Filter>Dependencies</Filter>
    </ClInclude>
    <ClInclude Include="desdun_engine\include\glm\gtc\color_space.hpp">
      <Filter>Dependencies</Filter>
    </ClInclude>
    <ClInclude Include="desdun_engine\include\glm\gtx\color_space.hpp">
      <Filter>Dependencies</Filter>
    </ClInclude>
    <ClInclude Include="desdun_engine\include\glm\gtx\color_space_YCoCg.hpp">
      <Filter>Dependencies</Filter>
    </ClInclude>
    <ClInclude Include="desdun_engine\include\glm\simd\common.h">
      <Filter>Dependencies</Filter>
    </ClInclude>
    <ClInclude Include="desdun_engine\include\glm\gtx\common.hpp">
      <Filter>Dependencies</Filter>
    </ClInclude>
    <ClInclude Include="desdun_engine\include\glm\common.hpp">
      <Filter>Dependencies</Filter>
    </ClInclude>
    <ClInclude Include="desdun_engine\include\glm\gtx\compatibility.hpp">
      <Filter>Dependencies</Filter>
    </ClInclude>
    <ClInclude Include="desdun_engine\include\glm\gtx\component_wise.hpp">
      <Filter>Dependencies</Filter>
    </ClInclude>
    <ClInclude Include="desdun_engine\include\glm\detail\compute_common.hpp">
      <Filter>Dependencies</Filter>
    </ClInclude>
    <ClInclude Include="desdun_engine\include\glm\detail\compute_vector_relational.hpp">
      <Filter>Dependencies</Filter>
    </ClInclude>
    <ClInclude Include="desdun_engine\include\glm\gtc\constants.hpp">
      <Filter>Dependencies</Filter>
    </ClInclude>
    <ClInclude Include="desdun_engine\include\ddlib\core.hpp">
      <Filter>Dependencies</Filter>
    </ClInclude>
    <ClInclude Include="desdun_engine\include\glm\gtx\dual_quaternion.hpp">
      <Filter>Dependencies</Filter>
    </ClInclude>
    <ClInclude Include="desdun_engine\include\glm\gtx\easing.hpp">
      <Filter>Dependencies</Filter>
    </ClInclude>
    <ClInclude Include="desdun_engine\include\glew\eglew.h">
      <Filter>Dependencies</Filter>
    </ClInclude>
    <ClInclude Include="desdun_engine\include\glm\gtc\epsilon.hpp">
      <Filter>Dependencies</Filter>
    </ClInclude>
    <ClInclude Include="desdun_engine\include\glm\gtx\euler_angles.hpp">
      <Filter>Dependencies</Filter>
    </ClInclude>
    <ClInclude Include="desdun_engine\include\glm\simd\exponential.h">
      <Filter>Dependencies</Filter>
    </ClInclude>
    <ClInclude Include="desdun_engine\include\glm\exponential.hpp">
      <Filter>Dependencies</Filter>
    </ClInclude>
    <ClInclude Include="desdun_engine\include\glm\ext.hpp">
      <Filter>Dependencies</Filter>
    </ClInclude>
    <ClInclude Include="desdun_engine\include\glm\gtx\extend.hpp">
      <Filter>Dependencies</Filter>
    </ClInclude>
    <ClInclude Include="desdun_engine\include\glm\gtx\extended_min_max.hpp">
      <Filter>Dependencies</Filter>
    </ClInclude>
    <ClInclude Include="desdun_engine\include\glm\gtx\exterior_product.hpp">
      <Filter>Dependencies</Filter>
    </ClInclude>
    <ClInclude Include="desdun_engine\include\glm\gtx\fast_exponential.hpp">
      <Filter>Dependencies</Filter>
    </ClInclude>
    <ClInclude Include="desdun_engine\include\glm\gtx\fast_square_root.hpp">
      <Filter>Dependencies</Filter>
    </ClInclude>
    <ClInclude Include="desdun_engine\include\glm\gtx\fast_trigonometry.hpp">
      <Filter>Dependencies</Filter>
    </ClInclude>
    <ClInclude Include="desdun_engine\include\glm\gtx\functions.hpp">
      <Filter>Dependencies</Filter>
    </ClInclude>
    <ClInclude Include="desdun_engine\include\glm\fwd.hpp">
      <Filter>Dependencies</Filter>
    </ClInclude>
    <ClInclude Include="desdun_engine\include\glm\simd\geometric.h">
      <Filter>Dependencies</Filter>
    </ClInclude>
    <ClInclude Include="desdun_engine\include\glm\geometric.hpp">
      <Filter>Dependencies</Filter>
    </ClInclude>
    <ClInclude Include="desdun_engine\include\glew\glew.h">
      <Filter>Dependencies</Filter>
    </ClInclude>
    <ClInclude Include="desdun_engine\include\glfw\glfw3.h">
      <Filter>Dependencies</Filter>
    </ClInclude>
    <ClInclude Include="desdun_engine\include\glfw\glfw3native.h">
      <Filter>Dependencies</Filter>
    </ClInclude>
    <ClInclude Include="desdun_engine\include\glm\glm.hpp">
      <Filter>Dependencies</Filter>
    </ClInclude>
    <ClInclude Include="desdun_engine\include\glew\glxew.h">
      <Filter>Dependencies</Filter>
    </ClInclude>
    <ClInclude Include="desdun_engine\include\glm\gtx\gradient_paint.hpp">
      <Filter>Dependencies</Filter>
    </ClInclude>
    <ClInclude Include="desdun_engine\include\glm\gtx\handed_coordinate_space.hpp">
      <Filter>Dependencies</Filter>
    </ClInclude>
    <ClInclude Include="desdun_engine\include\glm\gtx\hash.hpp">
      <Filter>Dependencies</Filter>
    </ClInclude>
    <ClInclude Include="desdun_engine\include\imgui\imconfig.h">
      <Filter>Dependencies</Filter>
    </ClInclude>
    <ClInclude Include="desdun_engine\include\imgui\imgui.h">
      <Filter>Dependencies</Filter>
    </ClInclude>
    <ClInclude Include="desdun_engine\include\imgui\imgui_impl_glfw.h">
      <Filter>Dependencies</Filter>
    </ClInclude>
    <ClInclude Include="desdun_engine\include\imgui\imgui_impl_opengl3.h">
      <Filter>Dependencies</Filter>
    </ClInclude>
    <ClInclude Include="desdun_engine\include\imgui\imgui_impl_opengl3_loader.h">
      <Filter>Dependencies</Filter>
    </ClInclude>
    <ClInclude Include="desdun_engine\include\imgui\imgui_internal.h">
      <Filter>Dependencies</Filter>
    </ClInclude>
    <ClInclude Include="desdun_engine\include\imgui\imstb_rectpack.h">
      <Filter>Dependencies</Filter>
    </ClInclude>
    <ClInclude Include="desdun_engine\include\imgui\imstb_textedit.h">
      <Filter>Dependencies</Filter>
    </ClInclude>
    <ClInclude Include="desdun_engine\include\imgui\imstb_truetype.h">
      <Filter>Dependencies</Filter>
    </ClInclude>
    <ClInclude Include="desdun_engine\include\glm\simd\integer.h">
      <Filter>Dependencies</Filter>
    </ClInclude>
    <ClInclude Include="desdun_engine\include\glm\gtc\integer.hpp">
      <Filter>Dependencies</Filter>
    </ClInclude>
    <ClInclude Include="desdun_engine\include\glm\integer.hpp">
      <Filter>Dependencies</Filter>
    </ClInclude>
    <ClInclude Include="desdun_engine\include\glm\gtx\integer.hpp">
      <Filter>Dependencies</Filter>
    </ClInclude>
    <ClInclude Include="desdun_engine\include\glm\gtx\intersect.hpp">
      <Filter>Dependencies</Filter>
    </ClInclude>
    <ClInclude Include="desdun_engine\include\glm\gtx\io.hpp">
      <Filter>Dependencies</Filter>
    </ClInclude>
    <ClInclude Include="desdun_engine\include\json\json.hpp">
      <Filter>Dependencies</Filter>
    </ClInclude>
    <ClInclude Include="desdun_engine\include\glm\gtx\log_base.hpp">
      <Filter>Dependencies</Filter>
    </ClInclude>
    <ClInclude Include="desdun_engine\include\glm\mat2x2.hpp">
      <Filter>Dependencies</Filter>
    </ClInclude>
    <ClInclude Include="desdun_engine\include\glm\mat2x3.hpp">
      <Filter>Dependencies</Filter>
    </ClInclude>
    <ClInclude Include="desdun_engine\include\glm\mat2x4.hpp">
      <Filter>Dependencies</Filter>
    </ClInclude>
    <ClInclude Include="desdun_engine\include\glm\mat3x2.hpp">
      <Filter>Dependencies</Filter>
    </ClInclude>
    <ClInclude Include="desdun_engine\include\glm\mat3x3.hpp">
      <Filter>Dependencies</Filter>
    </ClInclude>
    <ClInclude Include="desdun_engine\include\glm\mat3x4.hpp">
      <Filter>Dependencies</Filter>
    </ClInclude>
    <ClInclude Include="desdun_engine\include\glm\mat4x2.hpp">
      <Filter>Dependencies</Filter>
    </ClInclude>
    <ClInclude Include="desdun_engine\include\glm\mat4x3.hpp">
      <Filter>Dependencies</Filter>
    </ClInclude>
    <ClInclude Include="desdun_engine\include\glm\mat4x4.hpp">
      <Filter>Dependencies</Filter>
    </ClInclude>
    <ClInclude Include="desdun_engine\include\glm\simd\matrix.h">
      <Filter>Dependencies</Filter>
    </ClInclude>
    <ClInclude Include="desdun_engine\include\glm\matrix.hpp">
      <Filter>Dependencies</Filter>
    </ClInclude>
    <ClInclude Include="desdun_engine\include\glm\gtc\matrix_access.hpp">
      <Filter>Dependencies</Filter>
    </ClInclude>
    <ClInclude Include="desdun_engine\include\glm\ext\matrix_clip_space.hpp">
      <Filter>Dependencies</Filter>
    </ClInclude>
    <ClInclude Include="desdun_engine\include\glm\ext\matrix_common.hpp">
      <Filter>Dependencies</Filter>
    </ClInclude>
    <ClInclude Include="desdun_engine\include\glm\gtx\matrix_cross_product.hpp">
      <Filter>Dependencies</Filter>
    </ClInclude>
    <ClInclude Include="desdun_engine\include\glm\gtx\matrix_decompose.hpp">
      <Filter>Dependencies</Filter>
    </ClInclude>
    <ClInclude Include="desdun_engine\include\glm\ext\matrix_double2x2.hpp">
      <Filter>Dependencies</Filter>
    </ClInclude>
    <ClInclude Include="desdun_engine\include\glm\ext\matrix_double2x2_precision.hpp">
      <Filter>Dependencies</Filter>
    </ClInclude>
    <ClInclude Include="desdun_engine\include\glm\ext\matrix_double2x3.hpp">
      <Filter>Dependencies</Filter>
    </ClInclude>
    <ClInclude Include="desdun_engine\include\glm\ext\matrix_double2x3_precision.hpp">
      <Filter>Dependencies</Filter>
    </ClInclude>
    <ClInclude Include="desdun_engine\include\glm\ext\matrix_double2x4.hpp">
      <Filter>Dependencies</Filter>
    </ClInclude>
    <ClInclude Include="desdun_engine\include\glm\ext\matrix_double2x4_precision.hpp">
      <Filter>Dependencies</Filter>
    </ClInclude>
    <ClInclude Include="desdun_engine\include\glm\ext\matrix_double3x2.hpp">
      <Filter>Dependencies</Filter>
    </ClInclude>
    <ClInclude Include="desdun_engine\include\glm\ext\matrix_double3x2_precision.hpp">
      <Filter>Dependencies</Filter>
    </ClInclude>
    <ClInclude Include="desdun_engine\include\glm\ext\matrix_double3x3.hpp">
      <Filter>Dependencies</Filter>
    </ClInclude>
    <ClInclude Include="desdun_engine\include\glm\ext\matrix_double3x3_precision.hpp">
      <Filter>Dependencies</Filter>
    </ClInclude>
    <ClInclude Include="desdun_engine\include\glm\ext\matrix_double3x4.hpp">
      <Filter>Dependencies</Filter>
    </ClInclude>
    <ClInclude Include="desdun_engine\include\glm\ext\matrix_double3x4_precision.hpp">
      <Filter>Dependencies</Filter>
    </ClInclude>
    <ClInclude Include="desdun_engine\include\glm\ext\matrix_double4x2.hpp">
      <Filter>Dependencies</Filter>
    </ClInclude>
    <ClInclude Include="desdun_engine\include\glm\ext\matrix_double4x2_precision.hpp">
      <Filter>Dependencies</Filter>
    </ClInclude>
    <ClInclude Include="desdun_engine\include\glm\ext\matrix_double4x3.hpp">
      <Filter>Dependencies</Filter>
    </ClInclude>
    <ClInclude Include="desdun_engine\include\glm\ext\matrix_double4x3_precision.hpp">
      <Filter>Dependencies</Filter>
    </ClInclude>
    <ClInclude Include="desdun_engine\include\glm\ext\matrix_double4x4.hpp">
      <Filter>Dependencies</Filter>
    </ClInclude>
    <ClInclude Include="desdun_engine\include\glm\ext\matrix_double4x4_precision.hpp">
      <Filter>Dependencies</Filter>
    </ClInclude>
    <ClInclude Include="desdun_engine\include\glm\gtx\matrix_factorisation.hpp">
      <Filter>Dependencies</Filter>
    </ClInclude>
    <ClInclude Include="desdun_engine\include\glm\ext\matrix_float2x2.hpp">
      <Filter>Dependencies</Filter>
    </ClInclude>
    <ClInclude Include="desdun_engine\include\glm\ext\matrix_float2x2_precision.hpp">
      <Filter>Dependencies</Filter>
    </ClInclude>
    <ClInclude Include="desdun_engine\include\glm\ext\matrix_float2x3.hpp">
      <Filter>Dependencies</Filter>
    </ClInclude>
    <ClInclude Include="desdun_engine\include\glm\ext\matrix_float2x3_precision.hpp">
      <Filter>Dependencies</Filter>
    </ClInclude>
    <ClInclude Include="desdun_engine\include\glm\ext\matrix_float2x4.hpp">
      <Filter>Dependencies</Filter>
    </ClInclude>
    <ClInclude Include="desdun_engine\include\glm\ext\matrix_float2x4_precision.hpp">
      <Filter>Dependencies</Filter>
    </ClInclude>
    <ClInclude Include="desdun_engine\include\glm\ext\matrix_float3x2.hpp">
      <Filter>Dependencies</Filter>
    </ClInclude>
    <ClInclude Include="desdun_engine\include\glm\ext\matrix_float3x2_precision.hpp">
      <Filter>Dependencies</Filter>
    </ClInclude>
    <ClInclude Include="desdun_engine\include\glm\ext\matrix_float3x3.hpp">
      <Filter>Dependencies</Filter>
    </ClInclude>
    <ClInclude Include="desdun_engine\include\glm\ext\matrix_float3x3_precision.hpp">
      <Filter>Dependencies</Filter>
    </ClInclude>
    <ClInclude Include="desdun_engine\include\glm\ext\matrix_float3x4.hpp">
      <Filter>Dependencies</Filter>
    </ClInclude>
    <ClInclude Include="desdun_engine\include\glm\ext\matrix_float3x4_precision.hpp">
      <Filter>Dependencies</Filter>
    </ClInclude>
    <ClInclude Include="desdun_engine\include\glm\ext\matrix_float4x2.hpp">
      <Filter>Dependencies</Filter>
    </ClInclude>
    <ClInclude Include="desdun_engine\include\glm\ext\matrix_float4x2_precision.hpp">
      <Filter>Dependencies</Filter>
    </ClInclude>
    <ClInclude Include="desdun_engine\include\glm\ext\matrix_float4x3.hpp">
      <Filter>Dependencies</Filter>
    </ClInclude>
    <ClInclude Include="desdun_engine\include\glm\ext\matrix_float4x3_precision.hpp">
      <Filter>Dependencies</Filter>
    </ClInclude>
    <ClInclude Include="desdun_engine\include\glm\ext\matrix_float4x4.hpp">
      <Filter>Dependencies</Filter>
    </ClInclude>
    <ClInclude Include="desdun_engine\include\glm\ext\matrix_float4x4_precision.hpp">
      <Filter>Dependencies</Filter>
    </ClInclude>
    <ClInclude Include="desdun_engine\include\glm\ext\matrix_int2x2.hpp">
      <Filter>Dependencies</Filter>
    </ClInclude>
    <ClInclude Include="desdun_engine\include\glm\ext\matrix_int2x2_sized.hpp">
      <Filter>Dependencies</Filter>
    </ClInclude>
    <ClInclude Include="desdun_engine\include\glm\ext\matrix_int2x3.hpp">
      <Filter>Dependencies</Filter>
    </ClInclude>
    <ClInclude Include="desdun_engine\include\glm\ext\matrix_int2x3_sized.hpp">
      <Filter>Dependencies</Filter>
    </ClInclude>
    <ClInclude Include="desdun_engine\include\glm\ext\matrix_int2x4.hpp">
      <Filter>Dependencies</Filter>
    </ClInclude>
    <ClInclude Include="desdun_engine\include\glm\ext\matrix_int2x4_sized.hpp">
      <Filter>Dependencies</Filter>
    </ClInclude>
    <ClInclude Include="desdun_engine\include\glm\ext\matrix_int3x2.hpp">
      <Filter>Dependencies</Filter>
    </ClInclude>
    <ClInclude Include="desdun_engine\include\glm\ext\matrix_int3x2_sized.hpp">
      <Filter>Dependencies</Filter>
    </ClInclude>
    <ClInclude Include="desdun_engine\include\glm\ext\matrix_int3x3.hpp">
      <Filter>Dependencies</Filter>
    </ClInclude>
    <ClInclude Include="desdun_engine\include\glm\ext\matrix_int3x3_sized.hpp">
      <Filter>Dependencies</Filter>
    </ClInclude>
    <ClInclude Include="desdun_engine\include\glm\ext\matrix_int3x4.hpp">
      <Filter>Dependencies</Filter>
    </ClInclude>
    <ClInclude Include="desdun_engine\include\glm\ext\matrix_int3x4_sized.hpp">
      <Filter>Dependencies</Filter>
    </ClInclude>
    <ClInclude Include="desdun_engine\include\glm\ext\matrix_int4x2.hpp">
      <Filter>Dependencies</Filter>
    </ClInclude>
    <ClInclude Include="desdun_engine\include\glm\ext\matrix_int4x2_sized.hpp">
      <Filter>Dependencies</Filter>
    </ClInclude>
    <ClInclude Include="desdun_engine\include\glm\ext\matrix_int4x3.hpp">
      <Filter>Dependencies</Filter>
    </ClInclude>
    <ClInclude Include="desdun_engine\include\glm\ext\matrix_int4x3_sized.hpp">
      <Filter>Dependencies</Filter>
    </ClInclude>
    <ClInclude Include="desdun_engine\include\glm\ext\matrix_int4x4.hpp">
      <Filter>Dependencies</Filter>
    </ClInclude>
    <ClInclude Include="desdun_engine\include\glm\ext\matrix_int4x4_sized.hpp">
      <Filter>Dependencies</Filter>
    </ClInclude>
    <ClInclude Include="desdun_engine\include\glm\gtc\matrix_integer.hpp">
      <Filter>Dependencies</Filter>
    </ClInclude>
    <ClInclude Include="desdun_engine\include\glm\gtx\matrix_interpolation.hpp">
      <Filter>Dependencies</Filter>
    </ClInclude>
    <ClInclude Include="desdun_engine\include\glm\gtc\matrix_inverse.hpp">
      <Filter>Dependencies</Filter>
    </ClInclude>
    <ClInclude Include="desdun_engine\include\glm\gtx\matrix_major_storage.hpp">
      <Filter>Dependencies</Filter>
    </ClInclude>
    <ClInclude Include="desdun_engine\include\glm\gtx\matrix_operation.hpp">
      <Filter>Dependencies</Filter>
    </ClInclude>
    <ClInclude Include="desdun_engine\include\glm\ext\matrix_projection.hpp">
      <Filter>Dependencies</Filter>
    </ClInclude>
    <ClInclude Include="desdun_engine\include\glm\gtx\matrix_query.hpp">
      <Filter>Dependencies</Filter>
    </ClInclude>
    <ClInclude Include="desdun_engine\include\glm\ext\matrix_relational.hpp">
      <Filter>Dependencies</Filter>
    </ClInclude>
    <ClInclude Include="desdun_engine\include\glm\ext\matrix_transform.hpp">
      <Filter>Dependencies</Filter>
    </ClInclude>
    <ClInclude Include="desdun_engine\include\glm\gtc\matrix_transform.hpp">
      <Filter>Dependencies</Filter>
    </ClInclude>
    <ClInclude Include="desdun_engine\include\glm\gtx\matrix_transform_2d.hpp">
      <Filter>Dependencies</Filter>
    </ClInclude>
    <ClInclude Include="desdun_engine\include\glm\ext\matrix_uint2x2.hpp">
      <Filter>Dependencies</Filter>
    </ClInclude>
    <ClInclude Include="desdun_engine\include\glm\ext\matrix_uint2x2_sized.hpp">
      <Filter>Dependencies</Filter>
    </ClInclude>
    <ClInclude Include="desdun_engine\include\glm\ext\matrix_uint2x3.hpp">
      <Filter>Dependencies</Filter>
    </ClInclude>
    <ClInclude Include="desdun_engine\include\glm\ext\matrix_uint2x3_sized.hpp">
      <Filter>Dependencies</Filter>
    </ClInclude>
    <ClInclude Include="desdun_engine\include\glm\ext\matrix_uint2x4.hpp">
      <Filter>Dependencies</Filter>
    </ClInclude>
    <ClInclude Include="desdun_engine\include\glm\ext\matrix_uint2x4_sized.hpp">
      <Filter>Dependencies</Filter>
    </ClInclude>
    <ClInclude Include="desdun_engine\include\glm\ext\matrix_uint3x2.hpp">
      <Filter>Dependencies</Filter>
    </ClInclude>
    <ClInclude Include="desdun_engine\include\glm\ext\matrix_uint3x2_sized.hpp">
      <Filter>Dependencies</Filter>
    </ClInclude>
    <ClInclude Include="desdun_engine\include\glm\ext\matrix_uint3x3.hpp">
      <Filter>Dependencies</Filter>
    </ClInclude>
    <ClInclude Include="desdun_engine\include\glm\ext\matrix_uint3x3_sized.hpp">
      <Filter>Dependencies</Filter>
    </ClInclude>
    <ClInclude Include="desdun_engine\include\glm\ext\matrix_uint3x4.hpp">
      <Filter>Dependencies</Filter>
    </ClInclude>
    <ClInclude Include="desdun_engine\include\glm\ext\matrix_uint3x4_sized.hpp">
      <Filter>Dependencies</Filter>
    </ClInclude>
    <ClInclude Include="desdun_engine\include\glm\ext\matrix_uint4x2.hpp">
      <Filter>Dependencies</Filter>
    </ClInclude>
    <ClInclude Include="desdun_engine\include\glm\ext\matrix_uint4x2_sized.hpp">
      <Filter>Dependencies</Filter>
    </ClInclude>
    <ClInclude Include="desdun_engine\include\glm\ext\matrix_uint4x3.hpp">
      <Filter>Dependencies</Filter>
    </ClInclude>
    <ClInclude Include="desdun_engine\include\glm\ext\matrix_uint4x3_sized.hpp">
      <Filter>Dependencies</Filter>
    </ClInclude>
    <ClInclude Include="desdun_engine\include\glm\ext\matrix_uint4x4.hpp">
      <Filter>Dependencies</Filter>
    </ClInclude>
    <ClInclude Include="desdun_engine\include\glm\ext\matrix_uint4x4_sized.hpp">
      <Filter>Dependencies</Filter>
    </ClInclude>
    <ClInclude Include="desdun_engine\include\glm\gtx\mixed_product.hpp">
      <Filter>Dependencies</Filter>
    </ClInclude>
    <ClInclude Include="desdun_engine\include\glm\simd\neon.h">
      <Filter>Dependencies</Filter>
    </ClInclude>
    <ClInclude Include="desdun_engine\include\glm\gtc\noise.hpp">
      <Filter>Dependencies</Filter>
    </ClInclude>
    <ClInclude Include="desdun_engine\include\glm\gtx\norm.hpp">
      <Filter>Dependencies</Filter>
    </ClInclude>
    <ClInclude Include="desdun_engine\include\glm\gtx\normal.hpp">
      <Filter>Dependencies</Filter>
    </ClInclude>
    <ClInclude Include="desdun_engine\include\glm\gtx\normalize_dot.hpp">
      <Filter>Dependencies</Filter>
    </ClInclude>
    <ClInclude Include="desdun_engine\include\glm\gtx\number_precision.hpp">
      <Filter>Dependencies</Filter>
    </ClInclude>
    <ClInclude Include="desdun_engine\include\glm\gtx\optimum_pow.hpp">
      <Filter>Dependencies</Filter>
    </ClInclude>
    <ClInclude Include="desdun_engine\include\glm\gtx\orthonormalize.hpp">
      <Filter>Dependencies</Filter>
    </ClInclude>
    <ClInclude Include="desdun_engine\include\glm\simd\packing.h">
      <Filter>Dependencies</Filter>
    </ClInclude>
    <ClInclude Include="desdun_engine\include\glm\gtc\packing.hpp">
      <Filter>Dependencies</Filter>
    </ClInclude>
    <ClInclude Include="desdun_engine\include\glm\packing.hpp">
      <Filter>Dependencies</Filter>
    </ClInclude>
    <ClInclude Include="desdun_engine\include\glm\gtx\perpendicular.hpp">
      <Filter>Dependencies</Filter>
    </ClInclude>
    <ClInclude Include="desdun_engine\include\glm\simd\platform.h">
      <Filter>Dependencies</Filter>
    </ClInclude>
    <ClInclude Include="desdun_engine\include\glm\gtx\polar_coordinates.hpp">
      <Filter>Dependencies</Filter>
    </ClInclude>
    <ClInclude Include="desdun_engine\include\glm\gtx\projection.hpp">
      <Filter>Dependencies</Filter>
    </ClInclude>
    <ClInclude Include="desdun_engine\include\glm\detail\qualifier.hpp">
      <Filter>Dependencies</Filter>
    </ClInclude>
    <ClInclude Include="desdun_engine\include\glm\gtc\quaternion.hpp">
      <Filter>Dependencies</Filter>
    </ClInclude>
    <ClInclude Include="desdun_engine\include\glm\gtx\quaternion.hpp">
      <Filter>Dependencies</Filter>
    </ClInclude>
    <ClInclude Include="desdun_engine\include\glm\ext\quaternion_common.hpp">
      <Filter>Dependencies</Filter>
    </ClInclude>
    <ClInclude Include="desdun_engine\include\glm\ext\quaternion_double.hpp">
      <Filter>Dependencies</Filter>
    </ClInclude>
    <ClInclude Include="desdun_engine\include\glm\ext\quaternion_double_precision.hpp">
      <Filter>Dependencies</Filter>
    </ClInclude>
    <ClInclude Include="desdun_engine\include\glm\ext\quaternion_exponential.hpp">
      <Filter>Dependencies</Filter>
    </ClInclude>
    <ClInclude Include="desdun_engine\include\glm\ext\quaternion_float.hpp">
      <Filter>Dependencies</Filter>
    </ClInclude>
    <ClInclude Include="desdun_engine\include\glm\ext\quaternion_float_precision.hpp">
      <Filter>Dependencies</Filter>
    </ClInclude>
    <ClInclude Include="desdun_engine\include\glm\ext\quaternion_geometric.hpp">
      <Filter>Dependencies</Filter>
    </ClInclude>
    <ClInclude Include="desdun_engine\include\glm\ext\quaternion_relational.hpp">
      <Filter>Dependencies</Filter>
    </ClInclude>
    <ClInclude Include="desdun_engine\include\glm\ext\quaternion_transform.hpp">
      <Filter>Dependencies</Filter>
    </ClInclude>
    <ClInclude Include="desdun_engine\include\glm\ext\quaternion_trigonometric.hpp">
      <Filter>Dependencies</Filter>
    </ClInclude>
    <ClInclude Include="desdun_engine\include\glm\gtc\random.hpp">
      <Filter>Dependencies</Filter>
    </ClInclude>
    <ClInclude Include="desdun_engine\include\glm\gtx\range.hpp">
      <Filter>Dependencies</Filter>
    </ClInclude>
    <ClInclude Include="desdun_engine\include\glm\gtx\raw_data.hpp">
      <Filter>Dependencies</Filter>
    </ClInclude>
    <ClInclude Include="desdun_engine\include\glm\gtc\reciprocal.hpp">
      <Filter>Dependencies</Filter>
    </ClInclude>
    <ClInclude Include="desdun_engine\include\glm\gtx\rotate_normalized_axis.hpp">
      <Filter>Dependencies</Filter>
    </ClInclude>
    <ClInclude Include="desdun_engine\include\glm\gtx\rotate_vector.hpp">
      <Filter>Dependencies</Filter>
    </ClInclude>
    <ClInclude Include="desdun_engine\include\glm\gtc\round.hpp">
      <Filter>Dependencies</Filter>
    </ClInclude>
    <ClInclude Include="desdun_engine\include\glm\ext\scalar_common.hpp">
      <Filter>Dependencies</Filter>
    </ClInclude>
    <ClInclude Include="desdun_engine\include\glm\ext\scalar_constants.hpp">
      <Filter>Dependencies</Filter>
    </ClInclude>
    <ClInclude Include="desdun_engine\include\glm\ext\scalar_int_sized.hpp">
      <Filter>Dependencies</Filter>
    </ClInclude>
    <ClInclude Include="desdun_engine\include\glm\ext\scalar_integer.hpp">
      <Filter>Dependencies</Filter>
    </ClInclude>
    <ClInclude Include="desdun_engine\include\glm\gtx\scalar_multiplication.hpp">
      <Filter>Dependencies</Filter>
    </ClInclude>
    <ClInclude Include="desdun_engine\include\glm\ext\scalar_packing.hpp">
      <Filter>Dependencies</Filter>
    </ClInclude>
    <ClInclude Include="desdun_engine\include\glm\ext\scalar_relational.hpp">
      <Filter>Dependencies</Filter>
    </ClInclude>
    <ClInclude Include="desdun_engine\include\glm\gtx\scalar_relational.hpp">
      <Filter>Dependencies</Filter>
    </ClInclude>
    <ClInclude Include="desdun_engine\include\glm\ext\scalar_uint_sized.hpp">
      <Filter>Dependencies</Filter>
    </ClInclude>
    <ClInclude Include="desdun_engine\include\glm\ext\scalar_ulp.hpp">
      <Filter>Dependencies</Filter>
    </ClInclude>
    <ClInclude Include="desdun_engine\include\glm\detail\setup.hpp">
      <Filter>Dependencies</Filter>
    </ClInclude>
    <ClInclude Include="desdun_engine\include\ddlib\math\spatial_hash_map.hpp">
      <Filter>Dependencies</Filter>
    </ClInclude>
    <ClInclude Include="desdun_engine\include\glm\gtx\spline.hpp">
      <Filter>Dependencies</Filter>
    </ClInclude>
    <ClInclude Include="desdun_engine\include\stb\stb_image.h">
      <Filter>Dependencies</Filter>
    </ClInclude>
    <ClInclude Include="desdun_engine\include\stb\stb_rect_pack.h">
      <Filter>Dependencies</Filter>
    </ClInclude>
    <ClInclude Include="desdun_engine\include\stb\stb_truetype.h">
      <Filter>Dependencies</Filter>
    </ClInclude>
    <ClInclude Include="desdun_engine\include\stb\stb_vorbis.h">
      <Filter>Dependencies</Filter>
    </ClInclude>
    <ClInclude Include="desdun_engine\include\glm\gtx\std_based_type.hpp">
      <Filter>Dependencies</Filter>
    </ClInclude>
    <ClInclude Include="desdun_engine\include\glm\gtx\string_cast.hpp">
      <Filter>Dependencies</Filter>
    </ClInclude>
    <ClInclude Include="desdun_engine\include\glm\gtx\texture.hpp">
      <Filter>Dependencies</Filter>
    </ClInclude>
    <ClInclude Include="desdun_engine\include\glm\gtx\transform.hpp">
      <Filter>Dependencies</Filter>
    </ClInclude>
    <ClInclude Include="desdun_engine\include\glm\gtx\transform2.hpp">
      <Filter>Dependencies</Filter>
    </ClInclude>
    <ClInclude Include="desdun_engine\include\glm\simd\trigonometric.h">
      <Filter>Dependencies</Filter>
    </ClInclude>
    <ClInclude Include="desdun_engine\include\glm\trigonometric.hpp">
      <Filter>Dependencies</Filter>
    </ClInclude>
    <ClInclude Include="desdun_engine\include\glm\gtc\type_aligned.hpp">
      <Filter>Dependencies</Filter>
    </ClInclude>
    <ClInclude Include="desdun_engine\include\glm\gtx\type_aligned.hpp">
      <Filter>Dependencies</Filter>
    </ClInclude>
    <ClInclude Include="desdun_engine\include\glm\detail\type_float.hpp">
      <Filter>Dependencies</Filter>
    </ClInclude>
    <ClInclude Include="desdun_engine\include\glm\detail\type_half.hpp">
      <Filter>Dependencies</Filter>
    </ClInclude>
    <ClInclude Include="desdun_engine\include\glm\detail\type_mat2x2.hpp">
      <Filter>Dependencies</Filter>
    </ClInclude>
    <ClInclude Include="desdun_engine\include\glm\detail\type_mat2x3.hpp">
      <Filter>Dependencies</Filter>
    </ClInclude>
    <ClInclude Include="desdun_engine\include\glm\detail\type_mat2x4.hpp">
      <Filter>Dependencies</Filter>
    </ClInclude>
    <ClInclude Include="desdun_engine\include\glm\detail\type_mat3x2.hpp">
      <Filter>Dependencies</Filter>
    </ClInclude>
    <ClInclude Include="desdun_engine\include\glm\detail\type_mat3x3.hpp">
      <Filter>Dependencies</Filter>
    </ClInclude>
    <ClInclude Include="desdun_engine\include\glm\detail\type_mat3x4.hpp">
      <Filter>Dependencies</Filter>
    </ClInclude>
    <ClInclude Include="desdun_engine\include\glm\detail\type_mat4x2.hpp">
      <Filter>Dependencies</Filter>
    </ClInclude>
    <ClInclude Include="desdun_engine\include\glm\detail\type_mat4x3.hpp">
      <Filter>Dependencies</Filter>
    </ClInclude>
    <ClInclude Include="desdun_engine\include\glm\detail\type_mat4x4.hpp">
      <Filter>Dependencies</Filter>
    </ClInclude>
    <ClInclude Include="desdun_engine\include\glm\gtc\type_precision.hpp">
      <Filter>Dependencies</Filter>
    </ClInclude>
    <ClInclude Include="desdun_engine\include\glm\gtc\type_ptr.hpp">
      <Filter>Dependencies</Filter>
    </ClInclude>
    <ClInclude Include="desdun_engine\include\glm\detail\type_quat.hpp">
      <Filter>Dependencies</Filter>
    </ClInclude>
    <ClInclude Include="desdun_engine\include\glm\gtx\type_trait.hpp">
      <Filter>Dependencies</Filter>
    </ClInclude>
    <ClInclude Include="desdun_engine\include\glm\detail\type_vec1.hpp">
      <Filter>Dependencies</Filter>
    </ClInclude>
    <ClInclude Include="desdun_engine\include\glm\detail\type_vec2.hpp">
      <Filter>Dependencies</Filter>
    </ClInclude>
    <ClInclude Include="desdun_engine\include\glm\detail\type_vec3.hpp">
      <Filter>Dependencies</Filter>
    </ClInclude>
    <ClInclude Include="desdun_engine\include\glm\detail\type_vec4.hpp">
      <Filter>Dependencies</Filter>
    </ClInclude>
    <ClInclude Include="desdun_engine\include\glm\gtc\ulp.hpp">
      <Filter>Dependencies</Filter>
    </ClInclude>
    <ClInclude Include="desdun_engine\include\ddlib\math\uuid.hpp">
      <Filter>Dependencies</Filter>
    </ClInclude>
    <ClInclude Include="desdun_engine\include\glm\gtx\vec_swizzle.hpp">
      <Filter>Dependencies</Filter>
    </ClInclude>
    <ClInclude Include="desdun_engine\include\glm\gtc\vec1.hpp">
      <Filter>Dependencies</Filter>
    </ClInclude>
    <ClInclude Include="desdun_engine\include\glm\vec2.hpp">
      <Filter>Dependencies</Filter>
    </ClInclude>
    <ClInclude Include="desdun_engine\include\glm\vec3.hpp">
      <Filter>Dependencies</Filter>
    </ClInclude>
    <ClInclude Include="desdun_engine\include\glm\vec4.hpp">
      <Filter>Dependencies</Filter>
    </ClInclude>
    <ClInclude Include="desdun_engine\include\glm\gtx\vector_angle.hpp">
      <Filter>Dependencies</Filter>
    </ClInclude>
    <ClInclude Include="desdun_engine\include\glm\ext\vector_bool1.hpp">
      <Filter>Dependencies</Filter>
    </ClInclude>
    <ClInclude Include="desdun_engine\include\glm\ext\vector_bool1_precision.hpp">
      <Filter>Dependencies</Filter>
    </ClInclude>
    <ClInclude Include="desdun_engine\include\glm\ext\vector_bool2.hpp">
      <Filter>Dependencies</Filter>
    </ClInclude>
    <ClInclude Include="desdun_engine\include\glm\ext\vector_bool2_precision.hpp">
      <Filter>Dependencies</Filter>
    </ClInclude>
    <ClInclude Include="desdun_engine\include\glm\ext\vector_bool3.hpp">
      <Filter>Dependencies</Filter>
    </ClInclude>
    <ClInclude Include="desdun_engine\include\glm\ext\vector_bool3_precision.hpp">
      <Filter>Dependencies</Filter>
    </ClInclude>
    <ClInclude Include="desdun_engine\include\glm\ext\vector_bool4.hpp">
      <Filter>Dependencies</Filter>
    </ClInclude>
    <ClInclude Include="desdun_engine\include\glm\ext\vector_bool4_precision.hpp">
      <Filter>Dependencies</Filter>
    </ClInclude>
    <ClInclude Include="desdun_engine\include\glm\ext\vector_common.hpp">
      <Filter>Dependencies</Filter>
    </ClInclude>
    <ClInclude Include="desdun_engine\include\glm\ext\vector_double1.hpp">
      <Filter>Dependencies</Filter>
    </ClInclude>
    <ClInclude Include="desdun_engine\include\glm\ext\vector_double1_precision.hpp">
      <Filter>Dependencies</Filter>
    </ClInclude>
    <ClInclude Include="desdun_engine\include\glm\ext\vector_double2.hpp">
      <Filter>Dependencies</Filter>
    </ClInclude>
    <ClInclude Include="desdun_engine\include\glm\ext\vector_double2_precision.hpp">
      <Filter>Dependencies</Filter>
    </ClInclude>
    <ClInclude Include="desdun_engine\include\glm\ext\vector_double3.hpp">
      <Filter>Dependencies</Filter>
    </ClInclude>
    <ClInclude Include="desdun_engine\include\glm\ext\vector_double3_precision.hpp">
      <Filter>Dependencies</Filter>
    </ClInclude>
    <ClInclude Include="desdun_engine\include\glm\ext\vector_double4.hpp">
      <Filter>Dependencies</Filter>
    </ClInclude>
    <ClInclude Include="desdun_engine\include\glm\ext\vector_double4_precision.hpp">
      <Filter>Dependencies</Filter>
    </ClInclude>
    <ClInclude Include="desdun_engine\include\glm\ext\vector_float1.hpp">
      <Filter>Dependencies</Filter>
    </ClInclude>
    <ClInclude Include="desdun_engine\include\glm\ext\vector_float1_precision.hpp">
      <Filter>Dependencies</Filter>
    </ClInclude>
    <ClInclude Include="desdun_engine\include\glm\ext\vector_float2.hpp">
      <Filter>Dependencies</Filter>
    </ClInclude>
    <ClInclude Include="desdun_engine\include\glm\ext\vector_float2_precision.hpp">
      <Filter>Dependencies</Filter>
    </ClInclude>
    <ClInclude Include="desdun_engine\include\glm\ext\vector_float3.hpp">
      <Filter>Dependencies</Filter>
    </ClInclude>
    <ClInclude Include="desdun_engine\include\glm\ext\vector_float3_precision.hpp">
      <Filter>Dependencies</Filter>
    </ClInclude>
    <ClInclude Include="desdun_engine\include\glm\ext\vector_float4.hpp">
      <Filter>Dependencies</Filter>
    </ClInclude>
    <ClInclude Include="desdun_engine\include\glm\ext\vector_float4_precision.hpp">
      <Filter>Dependencies</Filter>
    </ClInclude>
    <ClInclude Include="desdun_engine\include\glm\ext\vector_int1.hpp">
      <Filter>Dependencies</Filter>
    </ClInclude>
    <ClInclude Include="desdun_engine\include\glm\ext\vector_int1_sized.hpp">
      <Filter>Dependencies</Filter>
    </ClInclude>
    <ClInclude Include="desdun_engine\include\glm\ext\vector_int2.hpp">
      <Filter>Dependencies</Filter>
    </ClInclude>
    <ClInclude Include="desdun_engine\include\glm\ext\vector_int2_sized.hpp">
      <Filter>Dependencies</Filter>
    </ClInclude>
    <ClInclude Include="desdun_engine\include\glm\ext\vector_int3.hpp">
      <Filter>Dependencies</Filter>
    </ClInclude>
    <ClInclude Include="desdun_engine\include\glm\ext\vector_int3_sized.hpp">
      <Filter>Dependencies</Filter>
    </ClInclude>
    <ClInclude Include="desdun_engine\include\glm\ext\vector_int4.hpp">
      <Filter>Dependencies</Filter>
    </ClInclude>
    <ClInclude Include="desdun_engine\include\glm\ext\vector_int4_sized.hpp">
      <Filter>Dependencies</Filter>
    </ClInclude>
    <ClInclude Include="desdun_engine\include\glm\ext\vector_integer.hpp">
      <Filter>Dependencies</Filter>
    </ClInclude>
    <ClInclude Include="desdun_engine\include\glm\ext\vector_packing.hpp">
      <Filter>Dependencies</Filter>
    </ClInclude>
    <ClInclude Include="desdun_engine\include\glm\gtx\vector_query.hpp">
      <Filter>Dependencies</Filter>
    </ClInclude>
    <ClInclude Include="desdun_engine\include\glm\simd\vector_relational.h">
      <Filter>Dependencies</Filter>
    </ClInclude>
    <ClInclude Include="desdun_engine\include\glm\vector_relational.hpp">
      <Filter>Dependencies</Filter>
    </ClInclude>
    <ClInclude Include="desdun_engine\include\glm\ext\vector_relational.hpp">
      <Filter>Dependencies</Filter>
    </ClInclude>
    <ClInclude Include="desdun_engine\include\glm\ext\vector_uint1.hpp">
      <Filter>Dependencies</Filter>
    </ClInclude>
    <ClInclude Include="desdun_engine\include\glm\ext\vector_uint1_sized.hpp">
      <Filter>Dependencies</Filter>
    </ClInclude>
    <ClInclude Include="desdun_engine\include\glm\ext\vector_uint2.hpp">
      <Filter>Dependencies</Filter>
    </ClInclude>
    <ClInclude Include="desdun_engine\include\glm\ext\vector_uint2_sized.hpp">
      <Filter>Dependencies</Filter>
    </ClInclude>
    <ClInclude Include="desdun_engine\include\glm\ext\vector_uint3.hpp">
      <Filter>Dependencies</Filter>
    </ClInclude>
    <ClInclude Include="desdun_engine\include\glm\ext\vector_uint3_sized.hpp">
      <Filter>Dependencies</Filter>
    </ClInclude>
    <ClInclude Include="desdun_engine\include\glm\ext\vector_uint4.hpp">
      <Filter>Dependencies</Filter>
    </ClInclude>
    <ClInclude Include="desdun_engine\include\glm\ext\vector_uint4_sized.hpp">
      <Filter>Dependencies</Filter>
    </ClInclude>
    <ClInclude Include="desdun_engine\include\glm\ext\vector_ulp.hpp">
      <Filter>Dependencies</Filter>
    </ClInclude>
    <ClInclude Include="desdun_engine\include\glew\wglew.h">
      <Filter>Dependencies</Filter>
    </ClInclude>
    <ClInclude Include="desdun_engine\include\glm\gtx\wrap.hpp">
      <Filter>Dependencies</Filter>
    </ClInclude>
    <ClInclude Include="desdun_engine\desdun_engine.hpp" />
    <ClInclude Include="desdun_engine\src\graphics\render\base.hpp" />
    <ClInclude Include="desdun_engine\include\ddlib\alias\colour.hpp" />
    <ClInclude Include="desdun_engine\include\ddlib\math\math.hpp" />
    <ClInclude Include="desdun_engine\include\ddlib\alias\base.hpp" />
    <ClInclude Include="desdun_engine\include\sol\config.hpp" />
    <ClInclude Include="desdun_engine\include\sol\forward.hpp" />
    <ClInclude Include="desdun_engine\include\sol\sol.hpp" />
    <ClInclude Include="desdun_engine\include\lua\lauxlib.h" />
    <ClInclude Include="desdun_engine\include\lua\lj_alloc.h" />
    <ClInclude Include="desdun_engine\include\lua\lj_arch.h" />
    <ClInclude Include="desdun_engine\include\lua\lj_asm.h" />
    <ClInclude Include="desdun_engine\include\lua\lj_asm_arm.h" />
    <ClInclude Include="desdun_engine\include\lua\lj_asm_mips.h" />
    <ClInclude Include="desdun_engine\include\lua\lj_asm_ppc.h" />
    <ClInclude Include="desdun_engine\include\lua\lj_asm_x86.h" />
    <ClInclude Include="desdun_engine\include\lua\lj_bc.h" />
    <ClInclude Include="desdun_engine\include\lua\lj_bcdump.h" />
    <ClInclude Include="desdun_engine\include\lua\lj_carith.h" />
    <ClInclude Include="desdun_engine\include\lua\lj_ccall.h" />
    <ClInclude Include="desdun_engine\include\lua\lj_ccallback.h" />
    <ClInclude Include="desdun_engine\include\lua\lj_cconv.h" />
    <ClInclude Include="desdun_engine\include\lua\lj_cdata.h" />
    <ClInclude Include="desdun_engine\include\lua\lj_char.h" />
    <ClInclude Include="desdun_engine\include\lua\lj_clib.h" />
    <ClInclude Include="desdun_engine\include\lua\lj_cparse.h" />
    <ClInclude Include="desdun_engine\include\lua\lj_crecord.h" />
    <ClInclude Include="desdun_engine\include\lua\lj_ctype.h" />
    <ClInclude Include="desdun_engine\include\lua\lj_debug.h" />
    <ClInclude Include="desdun_engine\include\lua\lj_def.h" />
    <ClInclude Include="desdun_engine\include\lua\lj_dispatch.h" />
    <ClInclude Include="desdun_engine\include\lua\lj_emit_arm.h" />
    <ClInclude Include="desdun_engine\include\lua\lj_emit_mips.h" />
    <ClInclude Include="desdun_engine\include\lua\lj_emit_ppc.h" />
    <ClInclude Include="desdun_engine\include\lua\lj_emit_x86.h" />
    <ClInclude Include="desdun_engine\include\lua\lj_err.h" />
    <ClInclude Include="desdun_engine\include\lua\lj_errmsg.h" />
    <ClInclude Include="desdun_engine\include\lua\lj_ff.h" />
    <ClInclude Include="desdun_engine\include\lua\lj_ffrecord.h" />
    <ClInclude Include="desdun_engine\include\lua\lj_frame.h" />
    <ClInclude Include="desdun_engine\include\lua\lj_func.h" />
    <ClInclude Include="desdun_engine\include\lua\lj_gc.h" />
    <ClInclude Include="desdun_engine\include\lua\lj_gdbjit.h" />
    <ClInclude Include="desdun_engine\include\lua\lj_ir.h" />
    <ClInclude Include="desdun_engine\include\lua\lj_ircall.h" />
    <ClInclude Include="desdun_engine\include\lua\lj_iropt.h" />
    <ClInclude Include="desdun_engine\include\lua\lj_jit.h" />
    <ClInclude Include="desdun_engine\include\lua\lj_lex.h" />
    <ClInclude Include="desdun_engine\include\lua\lj_lib.h" />
    <ClInclude Include="desdun_engine\include\lua\lj_mcode.h" />
    <ClInclude Include="desdun_engine\include\lua\lj_meta.h" />
    <ClInclude Include="desdun_engine\include\lua\lj_obj.h" />
    <ClInclude Include="desdun_engine\include\lua\lj_parse.h" />
    <ClInclude Include="desdun_engine\include\lua\lj_record.h" />
    <ClInclude Include="desdun_engine\include\lua\lj_snap.h" />
    <ClInclude Include="desdun_engine\include\lua\lj_state.h" />
    <ClInclude Include="desdun_engine\include\lua\lj_str.h" />
    <ClInclude Include="desdun_engine\include\lua\lj_strscan.h" />
    <ClInclude Include="desdun_engine\include\lua\lj_tab.h" />
    <ClInclude Include="desdun_engine\include\lua\lj_target.h" />
    <ClInclude Include="desdun_engine\include\lua\lj_target_arm.h" />
    <ClInclude Include="desdun_engine\include\lua\lj_target_mips.h" />
    <ClInclude Include="desdun_engine\include\lua\lj_target_ppc.h" />
    <ClInclude Include="desdun_engine\include\lua\lj_target_x86.h" />
    <ClInclude Include="desdun_engine\include\lua\lj_trace.h" />
    <ClInclude Include="desdun_engine\include\lua\lj_traceerr.h" />
    <ClInclude Include="desdun_engine\include\lua\lj_udata.h" />
    <ClInclude Include="desdun_engine\include\lua\lj_vm.h" />
    <ClInclude Include="desdun_engine\include\lua\lj_vmevent.h" />
    <ClInclude Include="desdun_engine\include\lua\lua.h" />
    <ClInclude Include="desdun_engine\include\lua\lua.hpp" />
    <ClInclude Include="desdun_engine\include\lua\luaconf.h" />
    <ClInclude Include="desdun_engine\include\lua\luajit.h" />
    <ClInclude Include="desdun_engine\include\lua\lualib.h" />
  </ItemGroup>
  <ItemGroup>
    <Filter Include="Instances">
      <UniqueIdentifier>{548c6c26-59eb-4bb5-8f08-4accb1333a95}</UniqueIdentifier>
    </Filter>
    <Filter Include="App">
      <UniqueIdentifier>{0dbfe2c9-3629-4033-8047-6d5076c848e5}</UniqueIdentifier>
    </Filter>
    <Filter Include="App\Resources">
      <UniqueIdentifier>{d7508b49-91ed-41cd-95d1-177042b6e2ea}</UniqueIdentifier>
    </Filter>
    <Filter Include="Renderer">
      <UniqueIdentifier>{485cf66f-6b09-4741-8ddf-155e1c061963}</UniqueIdentifier>
    </Filter>
    <Filter Include="Renderer\Buffers">
      <UniqueIdentifier>{1a7cd19f-d78d-4108-9aa0-f8fae3fda26f}</UniqueIdentifier>
    </Filter>
    <Filter Include="App\Layers">
      <UniqueIdentifier>{47738672-feeb-4f8f-838c-64a9641297a4}</UniqueIdentifier>
    </Filter>
    <Filter Include="Instances\Physics">
      <UniqueIdentifier>{ebfdf2e2-c230-442a-ad93-71c6b41e4054}</UniqueIdentifier>
    </Filter>
    <Filter Include="Instances\Sound">
      <UniqueIdentifier>{2f72cbb5-3ffd-40de-b3ec-b4f003356e5c}</UniqueIdentifier>
    </Filter>
    <Filter Include="Instances\Effects">
      <UniqueIdentifier>{a9c1642a-b0bf-401f-8e0b-af97a2fe357f}</UniqueIdentifier>
    </Filter>
    <Filter Include="Instances\Sprites">
      <UniqueIdentifier>{b5067e38-6d8b-46dc-924d-2ee7c60fe2ed}</UniqueIdentifier>
    </Filter>
    <Filter Include="Instances\World">
      <UniqueIdentifier>{2dc18ba4-cc4e-4313-a980-16599cda36b4}</UniqueIdentifier>
    </Filter>
    <Filter Include="App\Debug">
      <UniqueIdentifier>{c0a31924-1e3a-494e-a526-2db2f19c41f2}</UniqueIdentifier>
    </Filter>
    <Filter Include="App\Window">
      <UniqueIdentifier>{7d3754ae-c021-48a1-a4fa-62571b098c2f}</UniqueIdentifier>
    </Filter>
    <Filter Include="App\Serialisation">
      <UniqueIdentifier>{bb179704-6ef2-4ce5-bede-37e8b53b6f9c}</UniqueIdentifier>
    </Filter>
    <Filter Include="Instances\Basic">
      <UniqueIdentifier>{35c7ac8e-37e6-42b1-9b1a-d5d8fbded457}</UniqueIdentifier>
    </Filter>
    <Filter Include="ImGui">
      <UniqueIdentifier>{033b2ac7-b665-4907-86bc-fabae93189be}</UniqueIdentifier>
    </Filter>
    <Filter Include="App\Runtime">
      <UniqueIdentifier>{f857936e-12f4-4017-8e34-12215205d0f3}</UniqueIdentifier>
    </Filter>
    <Filter Include="Renderer\Core">
      <UniqueIdentifier>{2d06ffbd-84ea-43bc-98e7-5bb812921b35}</UniqueIdentifier>
    </Filter>
    <Filter Include="Renderer\Textures">
      <UniqueIdentifier>{b5fc538f-b879-4568-a4a6-67ca76933531}</UniqueIdentifier>
    </Filter>
    <Filter Include="Dependencies">
      <UniqueIdentifier>{1bcfb7a5-c231-4da7-9d82-d5eea8314ffe}</UniqueIdentifier>
    </Filter>
  </ItemGroup>
</Project>